lockfile_version: '1'
generated_at: '2026-07-27T16:08:41.640885+00:00'
apm_version: 0.24.0
dependencies:
- repo_url: anthropics/skills
  name: skills
  host: github.com
  resolved_commit: b29e7cf65e5cb78a5ac33d582270551bc74a14eb
  resolved_ref: b29e7cf6
  version: unknown
  virtual_path: skills/skill-creator
  is_virtual: true
  package_type: claude_skill
  deployed_files:
  - .agents/skills/skill-creator
  - .agents/skills/skill-creator/LICENSE.txt
  - .agents/skills/skill-creator/SKILL.md
  - .agents/skills/skill-creator/agents/analyzer.md
  - .agents/skills/skill-creator/agents/comparator.md
  - .agents/skills/skill-creator/agents/grader.md
  - .agents/skills/skill-creator/assets/eval_review.html
  - .agents/skills/skill-creator/eval-viewer/generate_review.py
  - .agents/skills/skill-creator/eval-viewer/viewer.html
  - .agents/skills/skill-creator/references/schemas.md
  - .agents/skills/skill-creator/scripts/__init__.py
  - .agents/skills/skill-creator/scripts/aggregate_benchmark.py
  - .agents/skills/skill-creator/scripts/generate_report.py
  - .agents/skills/skill-creator/scripts/improve_description.py
  - .agents/skills/skill-creator/scripts/package_skill.py
  - .agents/skills/skill-creator/scripts/quick_validate.py
  - .agents/skills/skill-creator/scripts/run_eval.py
  - .agents/skills/skill-creator/scripts/run_loop.py
  - .agents/skills/skill-creator/scripts/utils.py
  deployed_file_hashes:
    .agents/skills/skill-creator/LICENSE.txt: sha256:bc6b3af2f331cbc7fb0da1344efb2cbe5877a31498b4d70dbc7000f3405a1362
    .agents/skills/skill-creator/SKILL.md: sha256:dcd4803e61e913e6fc27294184cd3a71f09f5e924ff20c8a9a20173e7b3c2bcf
    .agents/skills/skill-creator/agents/analyzer.md: sha256:bf68f4cac5a56c673a928c2e6d619586c5b93ea364026ab37547772cb45a663a
    .agents/skills/skill-creator/agents/comparator.md: sha256:fe1fc9787c495d864c5d6eada47396478572325fde1b33a96d78bf4b849b7a3e
    .agents/skills/skill-creator/agents/grader.md: sha256:57134da0c1a4eea33fbd74a1c9c44aa814f07d6bc64de303edb586f941e5d21a
    .agents/skills/skill-creator/assets/eval_review.html: sha256:ce477dcc74dc1c0d1d3352646a79167b5a63634e936b1019160025065974e452
    .agents/skills/skill-creator/eval-viewer/generate_review.py: sha256:fc9d1b9243fe5ab6012ebd579bd76d0035de1b79fd3b969de114defab26478fb
    .agents/skills/skill-creator/eval-viewer/viewer.html: sha256:a53213426ee1100441d701a3a0d49cda7a842f992d2c36463f4d3cc0258575fa
    .agents/skills/skill-creator/references/schemas.md: sha256:8e8876180a8989b406a4d3edddf875b04cdfd5805cc8616686d552b11ce4455f
    .agents/skills/skill-creator/scripts/__init__.py: sha256:e3b0c44298fc1c149afbf4c8996fb92427ae41e4649b934ca495991b7852b855
    .agents/skills/skill-creator/scripts/aggregate_benchmark.py: sha256:123ef128ea5ccc01a4b1ac212ef5567f21e9c13d3d240609780beeb3200c49aa
    .agents/skills/skill-creator/scripts/generate_report.py: sha256:13df7118a3c50c83c4c3250a606d5f2b20b25a3d44cbc392b3d669ec75281453
    .agents/skills/skill-creator/scripts/improve_description.py: sha256:87d864570220b699fac52da309d2d6efdb060647bfebc74f768128e646accf80
    .agents/skills/skill-creator/scripts/package_skill.py: sha256:1a33059b0db1ef73375d46d513e5ea81369d2e8838c970597b0d52ddef8d1c0f
    .agents/skills/skill-creator/scripts/quick_validate.py: sha256:67cf5703402013936c8fb75ad6a1afecd8841d45cc5e606b634eb05825fde365
    .agents/skills/skill-creator/scripts/run_eval.py: sha256:43e3b8f80dbf69c343967ba77e268fae991d9fa3ed68b32a0ff02532cd48657f
    .agents/skills/skill-creator/scripts/run_loop.py: sha256:7bd6f674203168520517eec94c55f493c0d154339b061b4d7c0f0dad187d0f21
    .agents/skills/skill-creator/scripts/utils.py: sha256:3af8ae62c40c73ab712207436a0d9a981e845f25c5a7040229eb189cc8e45bb1
  content_hash: sha256:b2bfe91d69ca99994c0566baede889e7d2b9bb8791c6b6106c5d387392f717f6
