github.com/Azure/azure-sdk-for-go/sdk/azcore v1.1.0 h1:Ut0ZGdOwJDw0npYEg+TLlPls3Pq6JiZaP2/aGKir7Zw=
github.com/Azure/azure-sdk-for-go/sdk/azcore v1.1.0/go.mod h1:uGG2W01BaETf0Ozp+QxxKJdMBNRWPdstHG0Fmdwn1/U=
github.com/Azure/azure-sdk-for-go/sdk/azidentity v1.1.0 h1:QkAcEIAKbNL4KoFr4SathZPhDhF4mVwpBMFlYjyAqy8=
github.com/Azure/azure-sdk-for-go/sdk/azidentity v1.1.0/go.mod h1:bhXu1AjYL+wutSL/kpSq6s7733q2Rb0yuot9Zgfqa/0=
github.com/Azure/azure-sdk-for-go/sdk/internal v1.0.0 h1:jp0dGvZ7ZK0mgqnTSClMxa5xuRL7NZgHameVYF6BurY=
github.com/Azure/azure-sdk-for-go/sdk/internal v1.0.0/go.mod h1:eWRD7oawr1Mu1sLCawqVc0CUiF43ia3qQMxLscsKQ9w=
github.com/Azure/azure-sdk-for-go/sdk/resourcemanager/apimanagement/armapimanagement v1.0.0 h1:Ai3+BE11JvwQ2PxLGNKAfMNSceYXjeijReLJiCouO6o=
github.com/Azure/azure-sdk-for-go/sdk/resourcemanager/apimanagement/armapimanagement v1.0.0/go.mod h1:gr6fiHmIii3Zw3riWMSr+P0tWTz4hfqTVcFttdi2JBo=
github.com/Azure/azure-sdk-for-go/sdk/resourcemanager/appcontainers/armappcontainers v1.0.0 h1:zIQzosd251uW2j2+MIbMDeyqkISOFV88XYE7pvkWIZM=
github.com/Azure/azure-sdk-for-go/sdk/resourcemanager/appcontainers/armappcontainers v1.0.0/go.mod h1:/OjYJjDeOIdCSJmuQH0BDpegn00BI747f5WJseOm26o=
github.com/Azure/azure-sdk-for-go/sdk/resourcemanager/appservice/armappservice v1.0.0 h1:kRX8I0dWAcpW6Vq0m90CgV+qw4O1vXodgwrhoPr1RWs=
github.com/Azure/azure-sdk-for-go/sdk/resourcemanager/appservice/armappservice v1.0.0/go.mod h1:avvc5/7qR4taCvAhOM7KFXuEHhAU0Wek9YX7sh9H3EM=
github.com/Azure/azure-sdk-for-go/sdk/resourcemanager/containerinstance/armcontainerinstance v1.0.0 h1:yKmuPI8w+5rXTMa4G5xrzwz9aGEkS6t4Gx/cRBnuh+M=
github.com/Azure/azure-sdk-for-go/sdk/resourcemanager/containerinstance/armcontainerinstance v1.0.0/go.mod h1:V0F1UD2J+8nx/DQEfxZCXnLCKVLFlYUG8lrjrxFKU8w=
github.com/Azure/azure-sdk-for-go/sdk/resourcemanager/containerregistry/armcontainerregistry v0.6.0 h1:Z5/bDxQL2Zc9t6ZDwdRU60bpLHZvoKOeuaM7XVbf2z0=
github.com/Azure/azure-sdk-for-go/sdk/resourcemanager/containerregistry/armcontainerregistry v0.6.0/go.mod h1:0FPu3oDRGPvuX1H8TtHJ5XGA0KrXLunomcixR+PQGGA=
github.com/Azure/azure-sdk-for-go/sdk/resourcemanager/containerservice/armcontainerservice v1.0.0 h1:figxyQZXzZQIcP3njhC68bYUiTw45J8/SsHaLW8Ax0M=
github.com/Azure/azure-sdk-for-go/sdk/resourcemanager/containerservice/armcontainerservice v1.0.0/go.mod h1:TmlMW4W5OvXOmOyKNnor8nlMMiO1ctIyzmHme/VHsrA=
github.com/Azure/azure-sdk-for-go/sdk/resourcemanager/cosmos/armcosmos v1.0.0 h1:Fv8iibGn1eSw0lt2V3cTsuokBEnOP+M//n8OiMcCgTM=
github.com/Azure/azure-sdk-for-go/sdk/resourcemanager/cosmos/armcosmos v1.0.0/go.mod h1:Qpe/qN9d5IQ7WPtTXMRCd6+BWTnhi3sxXVys6oJ5Vho=
github.com/Azure/azure-sdk-for-go/sdk/resourcemanager/eventgrid/armeventgrid v1.0.0 h1:w6b0+FygDpqM7g5cjbeyPoBzgxVHwwt2vCUvTz1oFY8=
github.com/Azure/azure-sdk-for-go/sdk/resourcemanager/eventgrid/armeventgrid v1.0.0/go.mod h1:t8kRpcgm+RdImuJgHG6SfoQ0tpb9LGl7MF1E6u0yeeA=
github.com/Azure/azure-sdk-for-go/sdk/resourcemanager/eventhub/armeventhub v1.0.0 h1:BWeAAEzkCnL0ABVJqs+4mYudNch7oFGPtTlSmIWL8ms=
github.com/Azure/azure-sdk-for-go/sdk/resourcemanager/eventhub/armeventhub v1.0.0/go.mod h1:Y3gnVwfaz8h6L1YHar+NfWORtBoVUSB5h4GlGkdeF7Q=
github.com/Azure/azure-sdk-for-go/sdk/resourcemanager/internal v1.0.0 h1:lMW1lD/17LUA5z1XTURo7LcVG2ICBPlyMHjIUrcFZNQ=
github.com/Azure/azure-sdk-for-go/sdk/resourcemanager/keyvault/armkeyvault v1.0.0 h1:Jc2KcpCDMu7wJfkrzn7fs/53QMDXH78GuqnH4HOd7zs=
github.com/Azure/azure-sdk-for-go/sdk/resourcemanager/keyvault/armkeyvault v1.0.0/go.mod h1:PFVgFsclKzPqYRT/BiwpfUN22cab0C7FlgXR3iWpwMo=
github.com/Azure/azure-sdk-for-go/sdk/resourcemanager/monitor/armmonitor v0.8.0 h1:dKxKBzh+XIEoYNmx/c8HeiwghuRExXf61WmVotWESeA=
github.com/Azure/azure-sdk-for-go/sdk/resourcemanager/monitor/armmonitor v0.8.0/go.mod h1:kzRLpzzlw6eBUXE7eBw3oqfmKR/kxaHOk4+h9sAe6Yo=
github.com/Azure/azure-sdk-for-go/sdk/resourcemanager/network/armnetwork v1.1.0 h1:QM6sE5k2ZT/vI5BEe0r7mqjsUSnhVBFbOsVkEuaEfiA=
github.com/Azure/azure-sdk-for-go/sdk/resourcemanager/network/armnetwork v1.1.0/go.mod h1:243D9iHbcQXoFUtgHJwL7gl2zx1aDuDMjvBZVGr2uW0=
github.com/Azure/azure-sdk-for-go/sdk/resourcemanager/postgresql/armpostgresql v1.0.0 h1:A6qn+g+bsKoBhFzDFXLhNAup//D+Q7+MuofypSUtNfY=
github.com/Azure/azure-sdk-for-go/sdk/resourcemanager/postgresql/armpostgresql v1.0.0/go.mod h1:GgxvszemyuFZyiw4vPxGib+Cp6z7Q3rYQb4DsKPOAAw=
github.com/Azure/azure-sdk-for-go/sdk/resourcemanager/postgresql/armpostgresqlflexibleservers v1.1.0 h1:HzqcSJWx32XQdr8KtxAu/SZJj0PqDo9tKf2YGPdynV0=
github.com/Azure/azure-sdk-for-go/sdk/resourcemanager/postgresql/armpostgresqlflexibleservers v1.1.0/go.mod h1:nKcJObAisSPDrO9lMuuCBoYY7Ki7ADt8p6XmBhpKNTk=
github.com/Azure/azure-sdk-for-go/sdk/resourcemanager/redis/armredis v1.0.0 h1:nmpTBgRg1HynngFYICRhceC7s5dmbKN9fJ/XQz/UQ2I=
github.com/Azure/azure-sdk-for-go/sdk/resourcemanager/redis/armredis v1.0.0/go.mod h1:3yjiOtnkVociBTlF7UZrwAGfJrGaOCsvtVS4HzNajxQ=
github.com/Azure/azure-sdk-for-go/sdk/resourcemanager/resources/armresources v1.0.0 h1:ECsQtyERDVz3NP3kvDOTLvbQhqWp/x9EsGKtb4ogUr8=
github.com/Azure/azure-sdk-for-go/sdk/resourcemanager/resources/armresources v1.0.0/go.mod h1:s1tW/At+xHqjNFvWU4G0c0Qv33KOhvbGNj0RCTQDV8s=
github.com/Azure/azure-sdk-for-go/sdk/resourcemanager/servicebus/armservicebus v1.0.0 h1:6UQQTUHvwuxb0DmRqLUsE7RnvKCxlrsCLpXcNePe64g=
github.com/Azure/azure-sdk-for-go/sdk/resourcemanager/servicebus/armservicebus v1.0.0/go.mod h1:M2gVG0dN++X/6di20zVI/Ju7RTQuO9g0PFPnz6q3Kic=
github.com/Azure/azure-sdk-for-go/sdk/resourcemanager/signalr/armsignalr v1.0.0 h1:cgKw1RU8guB762rd+8DiTpkiXhAyFZ1cE3QMsZetsWY=
github.com/Azure/azure-sdk-for-go/sdk/resourcemanager/signalr/armsignalr v1.0.0/go.mod h1:kgV52+RJaOxHA6H7TYoRLBsJKA+weKmnsRgN96as38o=
github.com/Azure/azure-sdk-for-go/sdk/resourcemanager/storage/armstorage v1.1.0 h1:fsVypuWj+j1xqp8S7t5SyibKxVt5OyjVUHO5rlLkZnw=
github.com/Azure/azure-sdk-for-go/sdk/resourcemanager/storage/armstorage v1.1.0/go.mod h1:c+Lifp3EDEamAkPVzMooRNOK6CZjNSdEnf1A7jsI9u4=
github.com/Azure/go-autorest v14.2.0+incompatible h1:V5VMDjClD3GiElqLWO7mz2MxNAK/vTfRHdAubSIPRgs=
github.com/Azure/go-autorest v14.2.0+incompatible/go.mod h1:r+4oMnoxhatjLLJ6zxSWATqVooLgysK6ZNox3g/xq24=
github.com/Azure/go-autorest/autorest/to v0.4.0 h1:oXVqrxakqqV1UZdSazDOPOLvOIz+XA683u8EctwboHk=
github.com/Azure/go-autorest/autorest/to v0.4.0/go.mod h1:fE8iZBn7LQR7zH/9XU2NcPR4o9jEImooCeWJcYV/zLE=
github.com/AzureAD/microsoft-authentication-library-for-go v0.5.1 h1:BWe8a+f/t+7KY7zH2mqygeUD0t8hNFXe08p1Pb3/jKE=
github.com/AzureAD/microsoft-authentication-library-for-go v0.5.1/go.mod h1:Vt9sXTKwMyGcOxSmLDMnGPgqsUg7m8pe215qMLrDXw4=
github.com/davecgh/go-spew v1.1.1 h1:vj9j/u1bqnvCEfJOwUhtlOARqs3+rkHYY13jYWTU97c=
github.com/dnaeon/go-vcr v1.1.0 h1:ReYa/UBrRyQdant9B4fNHGoCNKw6qh6P0fsdGmZpR7c=
github.com/fbiville/markdown-table-formatter v0.3.0 h1:PIm1UNgJrFs8q1htGTw+wnnNYvwXQMMMIKNZop2SSho=
github.com/fbiville/markdown-table-formatter v0.3.0/go.mod h1:q89TDtSEVDdTaufgSbfHpNVdPU/bmfvqNkrC5HagmLY=
github.com/golang-jwt/jwt v3.2.1+incompatible h1:73Z+4BJcrTC+KczS6WvTPvRGOp1WmfEP4Q1lOd9Z/+c=
github.com/golang-jwt/jwt v3.2.1+incompatible/go.mod h1:8pz2t5EyA70fFQQSrl6XZXzqecmYZeUEB8OUGHkxJ+I=
github.com/golang-jwt/jwt/v4 v4.2.0 h1:besgBTC8w8HjP6NzQdxwKH9Z5oQMZ24ThTrHp3cZ8eU=
github.com/google/uuid v1.1.1 h1:Gkbcsh/GbpXz7lPftLA3P6TYMwjCLYm83jiFQZF/3gY=
github.com/google/uuid v1.1.1/go.mod h1:TIyPZe4MgqvfeYDBFedMoGGpEw/LqOeaOT+nhxU+yHo=
github.com/kylelemons/godebug v1.1.0 h1:RPNrshWIDI6G2gRW9EHilWtl7Z6Sb1BR0xunSBf0SNc=
github.com/kylelemons/godebug v1.1.0/go.mod h1:9/0rRGxNHcop5bhtWyNeEfOS8JIWk580+fNqagV/RAw=
github.com/montanaflynn/stats v0.6.6/go.mod h1:etXPPgVO6n31NxCd9KQUMvCM+ve0ruNzt6R8Bnaayow=
github.com/pkg/browser v0.0.0-20210115035449-ce105d075bb4 h1:Qj1ukM4GlMWXNdMBuXcXfz/Kw9s1qm0CLY32QxuSImI=
github.com/pkg/browser v0.0.0-20210115035449-ce105d075bb4/go.mod h1:N6UoU20jOqggOuDwUaBQpluzLNDqif3kq9z2wpdYEfQ=
github.com/pmezard/go-difflib v1.0.0 h1:4DBwDE0NGyQoBHbLQYPwSUPoCMWR5BEzIk/f1lZbAQM=
github.com/stretchr/testify v1.7.0 h1:nwc3DEeHmmLAfoZucVR881uASk0Mfjw8xYJ99tb5CcY=
golang.org/x/crypto v0.0.0-20220511200225-c6db032c6c88 h1:Tgea0cVUD0ivh5ADBX4WwuI12DUd2to3nCYe2eayMIw=
golang.org/x/crypto v0.0.0-20220511200225-c6db032c6c88/go.mod h1:IxCIyHEi3zRg3s0A5j5BB6A9Jmi73HwBIUl50j+osU4=
golang.org/x/net v0.0.0-20220425223048-2871e0cb64e4 h1:HVyaeDAYux4pnY+D/SiwmLOR36ewZ4iGQIIrtnuCjFA=
golang.org/x/net v0.0.0-20220425223048-2871e0cb64e4/go.mod h1:CfG3xpIq0wQ8r1q4Su4UZFWDARRcnwPjda9FqA0JpMk=
golang.org/x/sync v0.1.0 h1:wsuoTGHzEhffawBOhz5CYhcrV4IdKZbEyZjBMuTp12o=
golang.org/x/sync v0.1.0/go.mod h1:RxMgew5VJxzue5/jJTE5uejpjVlOe/izrB70Jof72aM=
golang.org/x/sys v0.0.0-20210124154548-22da62e12c0c/go.mod h1:h1NjWce9XRLGQEsW7wpKNCjG9DtNlClVuFLEZdDNbEs=
golang.org/x/sys v0.0.0-20211216021012-1d35b9e2eb4e h1:fLOSk5Q00efkSvAm+4xcoXD+RRmLmmulPn5I3Y9F2EM=
golang.org/x/sys v0.0.0-20211216021012-1d35b9e2eb4e/go.mod h1:oPkhp1MJrh7nUepCBck5+mAzfO9JrbApNNgaTdGDITg=
golang.org/x/text v0.3.7 h1:olpwvP2KacW1ZWvsR7uQhoyTYvKAupfQrRGBFM352Gk=
golang.org/x/text v0.3.7/go.mod h1:u+2+/6zg+i71rQMx5EYifcz6MCKuco9NR6JIITiCfzQ=
gopkg.in/yaml.v2 v2.4.0 h1:D8xgwECY7CYvx+Y2n4sBz93Jn9JRvxdiyyo8CTfuKaY=
gopkg.in/yaml.v3 v3.0.0-20210107192922-496545a6307b h1:h8qDotaEPuJATrMmW04NCwg7v22aHH28wwpauUhK9Oo=
