github.com/Azure/azure-sdk-for-go/sdk/azcore v1.16.0 h1:JZg6HRh6W6U4OLl6lk7BZ7BLisIzM9dG1R50zUk9C/M=
github.com/Azure/azure-sdk-for-go/sdk/azcore v1.16.0/go.mod h1:YL1xnZ6QejvQHWJrX/AvhFl4WW4rqHVoKspWNVwFk0M=
github.com/Azure/azure-sdk-for-go/sdk/azidentity v1.8.0 h1:B/dfvscEQtew9dVuoxqxrUKKv8Ih2f55PydknDamU+g=
github.com/Azure/azure-sdk-for-go/sdk/azidentity v1.8.0/go.mod h1:fiPSssYvltE08HJchL04dOy+RD4hgrjph0cwGGMntdI=
github.com/Azure/azure-sdk-for-go/sdk/azidentity/cache v0.3.0 h1:+m0M/LFxN43KvULkDNfdXOgrjtg6UYJPFBJyuEcRCAw=
github.com/Azure/azure-sdk-for-go/sdk/azidentity/cache v0.3.0/go.mod h1:PwOyop78lveYMRs6oCxjiVyBdyCgIYH6XHIVZO9/SFQ=
github.com/Azure/azure-sdk-for-go/sdk/internal v1.10.0 h1:ywEEhmNahHBihViHepv3xPBn1663uRv2t2q/ESv9seY=
github.com/Azure/azure-sdk-for-go/sdk/internal v1.10.0/go.mod h1:iZDifYGJTIgIIkYRNWPENUnqx6bJ2xnSDFI2tjwZNuY=
github.com/Azure/azure-sdk-for-go/sdk/resourcemanager/advisor/armadvisor v1.2.0 h1:3ddjPq/3A/oB2u7LdohEr900EGP5l1MnAiNc3EbY1E4=
github.com/Azure/azure-sdk-for-go/sdk/resourcemanager/advisor/armadvisor v1.2.0/go.mod h1:oZ73p8dR7aZI+TJo5Ul92oCoVubMYPBo39eTsWa0AiQ=
github.com/Azure/azure-sdk-for-go/sdk/resourcemanager/analysisservices/armanalysisservices v1.2.0 h1:iCQzouPqEJkjvgXooBv/AlUp16HHB+fR5S7CU1wDns8=
github.com/Azure/azure-sdk-for-go/sdk/resourcemanager/analysisservices/armanalysisservices v1.2.0/go.mod h1:IDarmBQ4VwelvI5xEwBtDommOZYwb5xAsGS/ok1MYcg=
github.com/Azure/azure-sdk-for-go/sdk/resourcemanager/apimanagement/armapimanagement v1.1.1 h1:jCkNVNpsEevyic4bmjgVjzVA4tMGSJpXNGirf+S+mDI=
github.com/Azure/azure-sdk-for-go/sdk/resourcemanager/apimanagement/armapimanagement v1.1.1/go.mod h1:a0Ug1l73Il7EhrCJEEt2dGjlNjvphppZq5KqJdgnwuw=
github.com/Azure/azure-sdk-for-go/sdk/resourcemanager/appconfiguration/armappconfiguration v1.1.1 h1:iRc20pGuVlc1HwRO2bg0m1tfP9rkPB0K88trl8Fei2w=
github.com/Azure/azure-sdk-for-go/sdk/resourcemanager/appconfiguration/armappconfiguration v1.1.1/go.mod h1:21Lewei+tg5zp5xmyOxfDY//2tBvWQXee0UoM8xZjr8=
github.com/Azure/azure-sdk-for-go/sdk/resourcemanager/appcontainers/armappcontainers/v2 v2.1.0 h1:zDZaE5l/F3aAAITZa6y2oTc7SdiYNJ0a5vFnE+sF5ro=
github.com/Azure/azure-sdk-for-go/sdk/resourcemanager/appcontainers/armappcontainers/v2 v2.1.0/go.mod h1:Wyp5SZpwTP9gXJE0J2JuhTj1s+uMJzA1HQY1P9v3l/I=
github.com/Azure/azure-sdk-for-go/sdk/resourcemanager/applicationinsights/armapplicationinsights v1.2.0 h1:7FX6sHNPamIAyukt6w9Gw5Qa5bu+gVN2Iy70yHc0xns=
github.com/Azure/azure-sdk-for-go/sdk/resourcemanager/applicationinsights/armapplicationinsights v1.2.0/go.mod h1:S7Ss6Rm0nlKDRHKrO9eL2Be5EnX29Z09CNPWgK7o4+I=
github.com/Azure/azure-sdk-for-go/sdk/resourcemanager/appservice/armappservice/v2 v2.3.0 h1:JI8PcWOImyvIUEZ0Bbmfe05FOlWkMi2KhjG+cAKaUms=
github.com/Azure/azure-sdk-for-go/sdk/resourcemanager/appservice/armappservice/v2 v2.3.0/go.mod h1:nJLFPGJkyKfDDyJiPuHIXsCi/gpJkm07EvRgiX7SGlI=
github.com/Azure/azure-sdk-for-go/sdk/resourcemanager/cdn/armcdn v1.1.1 h1:CtE6GCP9YEDF6DjpFxl7xQBqklqfyCC/xkBKUGa/IAc=
github.com/Azure/azure-sdk-for-go/sdk/resourcemanager/cdn/armcdn v1.1.1/go.mod h1:b9yk+8vyxSsBsiEjk9kzrwxgyn+7+J4HzDOYUPznES4=
github.com/Azure/azure-sdk-for-go/sdk/resourcemanager/cognitiveservices/armcognitiveservices v1.7.0 h1:4exaC92+n1FzhSKb5Ghino2XEk3cClUtzvveL1U9YeM=
github.com/Azure/azure-sdk-for-go/sdk/resourcemanager/cognitiveservices/armcognitiveservices v1.7.0/go.mod h1:BkhZrH3JiVTkrTqCeYHOmqReFcZTYEMf8jcFDlrCJLk=
github.com/Azure/azure-sdk-for-go/sdk/resourcemanager/compute/armcompute/v4 v4.2.1 h1:UPeCRD+XY7QlaGQte2EVI2iOcWvUYA2XY8w5T/8v0NQ=
github.com/Azure/azure-sdk-for-go/sdk/resourcemanager/compute/armcompute/v4 v4.2.1/go.mod h1:oGV6NlB0cvi1ZbYRR2UN44QHxWFyGk+iylgD0qaMXjA=
github.com/Azure/azure-sdk-for-go/sdk/resourcemanager/containerinstance/armcontainerinstance v1.0.0 h1:yKmuPI8w+5rXTMa4G5xrzwz9aGEkS6t4Gx/cRBnuh+M=
github.com/Azure/azure-sdk-for-go/sdk/resourcemanager/containerinstance/armcontainerinstance v1.0.0/go.mod h1:V0F1UD2J+8nx/DQEfxZCXnLCKVLFlYUG8lrjrxFKU8w=
github.com/Azure/azure-sdk-for-go/sdk/resourcemanager/containerregistry/armcontainerregistry v1.3.0-beta.2 h1:aPGtEjUanJvEPn+TBf+DXtbPKqTq0neulbRal05C6mM=
github.com/Azure/azure-sdk-for-go/sdk/resourcemanager/containerregistry/armcontainerregistry v1.3.0-beta.2/go.mod h1:ceW/VisQm9LRUTNhEav2Nfvcx3rUexASkoF1L+hsQA8=
github.com/Azure/azure-sdk-for-go/sdk/resourcemanager/containerservice/armcontainerservice/v4 v4.8.0 h1:0nGmzwBv5ougvzfGPCO2ljFRHvun57KpNrVCMrlk0ns=
github.com/Azure/azure-sdk-for-go/sdk/resourcemanager/containerservice/armcontainerservice/v4 v4.8.0/go.mod h1:gYq8wyDgv6JLhGbAU6gg8amCPgQWRE+aCvrV2gyzdfs=
github.com/Azure/azure-sdk-for-go/sdk/resourcemanager/cosmos/armcosmos v1.0.0 h1:Fv8iibGn1eSw0lt2V3cTsuokBEnOP+M//n8OiMcCgTM=
github.com/Azure/azure-sdk-for-go/sdk/resourcemanager/cosmos/armcosmos v1.0.0/go.mod h1:Qpe/qN9d5IQ7WPtTXMRCd6+BWTnhi3sxXVys6oJ5Vho=
github.com/Azure/azure-sdk-for-go/sdk/resourcemanager/costmanagement/armcostmanagement v1.1.1 h1:ehSLdbLah6kk6HTVc6e/lrbmbz7MMbpNxkOd3OYlhB0=
github.com/Azure/azure-sdk-for-go/sdk/resourcemanager/costmanagement/armcostmanagement v1.1.1/go.mod h1:Am1cUioOk0HdZIsjpXJkQ4RIeQbwYsW6LkNIc5z/5XY=
github.com/Azure/azure-sdk-for-go/sdk/resourcemanager/dashboard/armdashboard v1.2.0 h1:MRPU8Bge2f9tkfG3PCr4vEnqXl8XOSjlhuK3l+8Hvkc=
github.com/Azure/azure-sdk-for-go/sdk/resourcemanager/dashboard/armdashboard v1.2.0/go.mod h1:xYrOYxajQvXMlp6M1E3amlaqPDXspyJxmjqTsGo6Jmw=
github.com/Azure/azure-sdk-for-go/sdk/resourcemanager/databricks/armdatabricks v1.1.0 h1:rQyNHB/4ntzvm5F9WAiaAl7jWII+jaI4rL6sSWxTNeM=
github.com/Azure/azure-sdk-for-go/sdk/resourcemanager/databricks/armdatabricks v1.1.0/go.mod h1:4jtknLqzaPtwIz8Y9NBp2rXxeA7BbSICWBD0FDzG2VM=
github.com/Azure/azure-sdk-for-go/sdk/resourcemanager/datafactory/armdatafactory v1.3.0 h1:pmKRJksZidUYbOMQ2wtVm4L9q0BadVfBsF/fPKUUnjg=
github.com/Azure/azure-sdk-for-go/sdk/resourcemanager/datafactory/armdatafactory v1.3.0/go.mod h1:CmZkcUHLqzY7I+io4fQda7G1ZJ/4R0b3/iPFzEWWl7E=
github.com/Azure/azure-sdk-for-go/sdk/resourcemanager/eventgrid/armeventgrid v1.0.0 h1:w6b0+FygDpqM7g5cjbeyPoBzgxVHwwt2vCUvTz1oFY8=
github.com/Azure/azure-sdk-for-go/sdk/resourcemanager/eventgrid/armeventgrid v1.0.0/go.mod h1:t8kRpcgm+RdImuJgHG6SfoQ0tpb9LGl7MF1E6u0yeeA=
github.com/Azure/azure-sdk-for-go/sdk/resourcemanager/eventhub/armeventhub v1.3.0 h1:4hGvxD72TluuFIXVr8f4XkKZfqAa7Pj61t0jmQ7+kes=
github.com/Azure/azure-sdk-for-go/sdk/resourcemanager/eventhub/armeventhub v1.3.0/go.mod h1:TSH7DcFItwAufy0Lz+Ft2cyopExCpxbOxI5SkH4dRNo=
github.com/Azure/azure-sdk-for-go/sdk/resourcemanager/internal v1.1.2 h1:mLY+pNLjCUeKhgnAJWAKhEUQM+RJQo2H1fuGSw1Ky1E=
github.com/Azure/azure-sdk-for-go/sdk/resourcemanager/internal v1.1.2/go.mod h1:FbdwsQ2EzwvXxOPcMFYO8ogEc9uMMIj3YkmCdXdAFmk=
github.com/Azure/azure-sdk-for-go/sdk/resourcemanager/internal/v2 v2.0.0 h1:PTFGRSlMKCQelWwxUyYVEUqseBJVemLyqWJjvMyt0do=
github.com/Azure/azure-sdk-for-go/sdk/resourcemanager/internal/v2 v2.0.0/go.mod h1:LRr2FzBTQlONPPa5HREE5+RjSCTXl7BwOvYOaWTqCaI=
github.com/Azure/azure-sdk-for-go/sdk/resourcemanager/internal/v3 v3.1.0 h1:2qsIIvxVT+uE6yrNldntJKlLRgxGbZ85kgtz5SNBhMw=
github.com/Azure/azure-sdk-for-go/sdk/resourcemanager/internal/v3 v3.1.0/go.mod h1:AW8VEadnhw9xox+VaVd9sP7NjzOAnaZBLRH6Tq3cJ38=
github.com/Azure/azure-sdk-for-go/sdk/resourcemanager/keyvault/armkeyvault v1.4.0 h1:HlZMUZW8S4P9oob1nCHxCCKrytxyLc+24nUJGssoEto=
github.com/Azure/azure-sdk-for-go/sdk/resourcemanager/keyvault/armkeyvault v1.4.0/go.mod h1:StGsLbuJh06Bd8IBfnAlIFV3fLb+gkczONWf15hpX2E=
github.com/Azure/azure-sdk-for-go/sdk/resourcemanager/kusto/armkusto v1.3.1 h1:ik0pyYcwUqdiPPXOioZfKL62SVu7iN5eh5zxHEbV3VE=
github.com/Azure/azure-sdk-for-go/sdk/resourcemanager/kusto/armkusto v1.3.1/go.mod h1:st4TFPle8b16a2B9MEN+ofQT6iJjWBPAD9F5rfMQtZg=
github.com/Azure/azure-sdk-for-go/sdk/resourcemanager/logic/armlogic v1.2.0 h1:EMNgS+pCj2/2LL7+nWG8zPf9sp4u8icP5FNwoBhyc8M=
github.com/Azure/azure-sdk-for-go/sdk/resourcemanager/logic/armlogic v1.2.0/go.mod h1:TsM36SmGxYC24DiOTR9wPuBj5HYphihMC6xlnX536bE=
github.com/Azure/azure-sdk-for-go/sdk/resourcemanager/managementgroups/armmanagementgroups v1.0.0 h1:pPvTJ1dY0sA35JOeFq6TsY2xj6Z85Yo23Pj4wCCvu4o=
github.com/Azure/azure-sdk-for-go/sdk/resourcemanager/managementgroups/armmanagementgroups v1.0.0/go.mod h1:mLfWfj8v3jfWKsL9G4eoBoXVcsqcIUTapmdKy7uGOp0=
github.com/Azure/azure-sdk-for-go/sdk/resourcemanager/mariadb/armmariadb v1.2.0 h1:seh4IsOzJkO3AxKPSHWmBKbTtO/4kiSDPa7spQmMxDY=
github.com/Azure/azure-sdk-for-go/sdk/resourcemanager/mariadb/armmariadb v1.2.0/go.mod h1:DjMBNXv1qSHIv81Mj/MeAru4hk5WhOW4YZ40c+zo+Us=
github.com/Azure/azure-sdk-for-go/sdk/resourcemanager/monitor/armmonitor v0.11.0 h1:Ds0KRF8ggpEGg4Vo42oX1cIt/IfOhHWJBikksZbVxeg=
github.com/Azure/azure-sdk-for-go/sdk/resourcemanager/monitor/armmonitor v0.11.0/go.mod h1:jj6P8ybImR+5topJ+eH6fgcemSFBmU6/6bFF8KkwuDI=
github.com/Azure/azure-sdk-for-go/sdk/resourcemanager/mysql/armmysql v1.2.0 h1:dhywcZH9yPDIje9aTqwy6psZSPzI6CJLYEprDahIBSQ=
github.com/Azure/azure-sdk-for-go/sdk/resourcemanager/mysql/armmysql v1.2.0/go.mod h1:6z3b+JdBLH0eMzfBex/cvEIoEFVEwXuB0wbgdfN11iM=
github.com/Azure/azure-sdk-for-go/sdk/resourcemanager/mysql/armmysqlflexibleservers v1.2.0 h1:3jDMffAwnvs6qmOqhjNVHB29AKxs6brnzJeo65E1YwM=
github.com/Azure/azure-sdk-for-go/sdk/resourcemanager/mysql/armmysqlflexibleservers v1.2.0/go.mod h1:0mKVz3WT8oNjBunT1zD/HPwMleQ72QClMa7Gmsm+6Kc=
github.com/Azure/azure-sdk-for-go/sdk/resourcemanager/network/armnetwork v1.0.0 h1:nBy98uKOIfun5z6wx6jwWLrULcM0+cjBalBFZlEZ7CA=
github.com/Azure/azure-sdk-for-go/sdk/resourcemanager/network/armnetwork v1.0.0/go.mod h1:243D9iHbcQXoFUtgHJwL7gl2zx1aDuDMjvBZVGr2uW0=
github.com/Azure/azure-sdk-for-go/sdk/resourcemanager/network/armnetwork/v6 v6.2.0 h1:HYGD75g0bQ3VO/Omedm54v4LrD3B1cGImuRF3AJ5wLo=
github.com/Azure/azure-sdk-for-go/sdk/resourcemanager/network/armnetwork/v6 v6.2.0/go.mod h1:ulHyBFJOI0ONiRL4vcJTmS7rx18jQQlEPmAgo80cRdM=
github.com/Azure/azure-sdk-for-go/sdk/resourcemanager/operationalinsights/armoperationalinsights/v2 v2.0.0-beta.4 h1:VwalLmc4ugRHT4DFpNw2un/atApgAk90LJeuLUcSZn4=
github.com/Azure/azure-sdk-for-go/sdk/resourcemanager/operationalinsights/armoperationalinsights/v2 v2.0.0-beta.4/go.mod h1:66Yvwp7y+reikAA12FlUZI5faaIl3cUr/mLg9X5A9RM=
github.com/Azure/azure-sdk-for-go/sdk/resourcemanager/postgresql/armpostgresql v1.2.0 h1:0hXKrsbh2M6CQyW0TDC9Bsyd99vQmrOxiBTUfQHZjPA=
github.com/Azure/azure-sdk-for-go/sdk/resourcemanager/postgresql/armpostgresql v1.2.0/go.mod h1:bvZZor36Jg9q9kouuMyfJ+ay77+qK+YUfThXH1FdXjU=
github.com/Azure/azure-sdk-for-go/sdk/resourcemanager/postgresql/armpostgresqlflexibleservers v1.1.0 h1:HzqcSJWx32XQdr8KtxAu/SZJj0PqDo9tKf2YGPdynV0=
github.com/Azure/azure-sdk-for-go/sdk/resourcemanager/postgresql/armpostgresqlflexibleservers v1.1.0/go.mod h1:nKcJObAisSPDrO9lMuuCBoYY7Ki7ADt8p6XmBhpKNTk=
github.com/Azure/azure-sdk-for-go/sdk/resourcemanager/redis/armredis v1.0.0 h1:nmpTBgRg1HynngFYICRhceC7s5dmbKN9fJ/XQz/UQ2I=
github.com/Azure/azure-sdk-for-go/sdk/resourcemanager/redis/armredis v1.0.0/go.mod h1:3yjiOtnkVociBTlF7UZrwAGfJrGaOCsvtVS4HzNajxQ=
github.com/Azure/azure-sdk-for-go/sdk/resourcemanager/resourcegraph/armresourcegraph v0.9.0 h1:zLzoX5+W2l95UJoVwiyNS4dX8vHyQ6x2xRLoBBL9wMk=
github.com/Azure/azure-sdk-for-go/sdk/resourcemanager/resourcegraph/armresourcegraph v0.9.0/go.mod h1:wVEOJfGTj0oPAUGA1JuRAvz/lxXQsWW16axmHPP47Bk=
github.com/Azure/azure-sdk-for-go/sdk/resourcemanager/resources/armresources v1.2.0 h1:Dd+RhdJn0OTtVGaeDLZpcumkIVCtA/3/Fo42+eoYvVM=
github.com/Azure/azure-sdk-for-go/sdk/resourcemanager/resources/armresources v1.2.0/go.mod h1:5kakwfW5CjC9KK+Q4wjXAg+ShuIm2mBMua0ZFj2C8PE=
github.com/Azure/azure-sdk-for-go/sdk/resourcemanager/security/armsecurity v0.14.0 h1:JfjIyBJvEvQNP/9MEUo1/6eoiPkiag2OZImw32xakcc=
github.com/Azure/azure-sdk-for-go/sdk/resourcemanager/security/armsecurity v0.14.0/go.mod h1:HakuHOrWlp2G1WlFvkL7JApTZAbxRJnRiz+w4SYak5s=
github.com/Azure/azure-sdk-for-go/sdk/resourcemanager/servicebus/armservicebus v1.2.0 h1:jngSeKBnzC7qIk3rvbWHsLI7eeasEucORHWr2CHX0Yg=
github.com/Azure/azure-sdk-for-go/sdk/resourcemanager/servicebus/armservicebus v1.2.0/go.mod h1:1YXAxWw6baox+KafeQU2scy21/4IHvqXoIJuCpcvpMQ=
github.com/Azure/azure-sdk-for-go/sdk/resourcemanager/signalr/armsignalr v1.2.0 h1:Y8CF7FyuVVDyX5W6Azwjj3PpwUZVbXBOCyQytv/0QEA=
github.com/Azure/azure-sdk-for-go/sdk/resourcemanager/signalr/armsignalr v1.2.0/go.mod h1:tzUx/enAY8RSmQhRq02uVZFeRJxdGYT6BqXwHiHoOcU=
github.com/Azure/azure-sdk-for-go/sdk/resourcemanager/sql/armsql v1.2.0 h1:S087deZ0kP1RUg4pU7w9U9xpUedTCbOtz+mnd0+hrkQ=
github.com/Azure/azure-sdk-for-go/sdk/resourcemanager/sql/armsql v1.2.0/go.mod h1:B4cEyXrWBmbfMDAPnpJ1di7MAt5DKP57jPEObAvZChg=
github.com/Azure/azure-sdk-for-go/sdk/resourcemanager/storage/armstorage v1.6.0 h1:PiSrjRPpkQNjrM8H0WwKMnZUdu1RGMtd/LdGKUrOo+c=
github.com/Azure/azure-sdk-for-go/sdk/resourcemanager/storage/armstorage v1.6.0/go.mod h1:oDrbWx4ewMylP7xHivfgixbfGBT6APAwsSoHRKotnIc=
github.com/Azure/azure-sdk-for-go/sdk/resourcemanager/subscription/armsubscription v1.2.0 h1:UrGzkHueDwAWDdjQxC+QaXHd4tVCkISYE9j7fSSXF8k=
github.com/Azure/azure-sdk-for-go/sdk/resourcemanager/subscription/armsubscription v1.2.0/go.mod h1:qskvSQeW+cxEE2bcKYyKimB1/KiQ9xpJ99bcHY0BX6c=
github.com/Azure/azure-sdk-for-go/sdk/resourcemanager/synapse/armsynapse v0.8.0 h1:IKCilT2DdxjeCXhiCIZb5hywpA1KDGKwpdA1WL20wT0=
github.com/Azure/azure-sdk-for-go/sdk/resourcemanager/synapse/armsynapse v0.8.0/go.mod h1:IzuvA34YNVnlifc1+KhCouAKEf1VYzV439FOpyfTHzA=
github.com/Azure/azure-sdk-for-go/sdk/resourcemanager/trafficmanager/armtrafficmanager v1.3.0 h1:e3kTG23M5ps+DjvPolK4dcgohDY8sHsXU7zrdHj1WzY=
github.com/Azure/azure-sdk-for-go/sdk/resourcemanager/trafficmanager/armtrafficmanager v1.3.0/go.mod h1:Os5dq8Cvvz97rJauZhZJAfKHN+OEvF/0nVmHzF4aVys=
github.com/Azure/azure-sdk-for-go/sdk/resourcemanager/virtualmachineimagebuilder/armvirtualmachineimagebuilder/v2 v2.3.0 h1:oMC000T4/6AQREdUeR7pL/e1qcrKfznthEaj2DGKOo4=
github.com/Azure/azure-sdk-for-go/sdk/resourcemanager/virtualmachineimagebuilder/armvirtualmachineimagebuilder/v2 v2.3.0/go.mod h1:+iH0q9O/v2R4DlcvTrdXKcKUhxazcu4gTBb/QCfkDP4=
github.com/Azure/azure-sdk-for-go/sdk/resourcemanager/webpubsub/armwebpubsub v1.3.0 h1:NyzzELDBMwCl+jHnUAEzv/4t9tp0vVn78vUou/7yqvM=
github.com/Azure/azure-sdk-for-go/sdk/resourcemanager/webpubsub/armwebpubsub v1.3.0/go.mod h1:3cqAZX7JxhdbywHK3b1iaO/VcP9Kv+yvZ/s44EO2+LI=
github.com/AzureAD/microsoft-authentication-extensions-for-go/cache v0.1.1 h1:WJTmL004Abzc5wDB5VtZG2PJk5ndYDgVacGqfirKxjM=
github.com/AzureAD/microsoft-authentication-extensions-for-go/cache v0.1.1/go.mod h1:tCcJZ0uHAmvjsVYzEFivsRTN00oz5BEsRgQHu5JZ9WE=
github.com/AzureAD/microsoft-authentication-library-for-go v1.3.2 h1:kYRSnvJju5gYVyhkij+RTJ/VR6QIUaCfWeaFm2ycsjQ=
github.com/AzureAD/microsoft-authentication-library-for-go v1.3.2/go.mod h1:wP83P5OoQ5p6ip3ScPr0BAq0BvuPAvacpEuSzyouqAI=
github.com/cespare/xxhash/v2 v2.3.0 h1:UL815xU9SqsFlibzuggzjXhog7bL6oX9BbNZnL2UFvs=
github.com/cespare/xxhash/v2 v2.3.0/go.mod h1:VGX0DQ3Q6kWi7AoAeZDth3/j3BFtOZR5XLFGgcrjCOs=
github.com/coreos/go-systemd/v22 v22.5.0/go.mod h1:Y58oyj3AT4RCenI/lSvhwexgC+NSVTIJ3seZv2GcEnc=
github.com/cpuguy83/go-md2man/v2 v2.0.4/go.mod h1:tgQtvFlXSQOSOSIRvRPT7W67SCa46tRHOmNcaadrF8o=
github.com/davecgh/go-spew v1.1.1 h1:vj9j/u1bqnvCEfJOwUhtlOARqs3+rkHYY13jYWTU97c=
github.com/davecgh/go-spew v1.1.1/go.mod h1:J7Y8YcW2NihsgmVo/mv3lAwl/skON4iLHjSsI+c5H38=
github.com/dgryski/go-rendezvous v0.0.0-20200823014737-9f7001d12a5f h1:lO4WD4F/rVNCu3HqELle0jiPLLBs70cWOduZpkS1E78=
github.com/dgryski/go-rendezvous v0.0.0-20200823014737-9f7001d12a5f/go.mod h1:cuUVRXasLTGF7a8hSLbxyZXjz+1KgoB3wDUb6vlszIc=
github.com/godbus/dbus/v5 v5.0.4/go.mod h1:xhWf0FNVPg57R7Z0UbKHbJfkEywrmjJnf7w5xrFpKfA=
github.com/golang-jwt/jwt/v5 v5.2.1 h1:OuVbFODueb089Lh128TAcimifWaLhJwVflnrgM17wHk=
github.com/golang-jwt/jwt/v5 v5.2.1/go.mod h1:pqrtFR0X4osieyHYxtmOUWsAWrfe1Q5UVIyoH402zdk=
github.com/google/uuid v1.6.0 h1:NIvaJDMOsjHA8n1jAhLSgzrAzy1Hgr+hNrb57e+94F0=
github.com/google/uuid v1.6.0/go.mod h1:TIyPZe4MgqvfeYDBFedMoGGpEw/LqOeaOT+nhxU+yHo=
github.com/inconshreveable/mousetrap v1.1.0 h1:wN+x4NVGpMsO7ErUn/mUI3vEoE6Jt13X2s0bqwp9tc8=
github.com/inconshreveable/mousetrap v1.1.0/go.mod h1:vpF70FUmC8bwa3OWnCshd2FqLfsEA9PFc4w1p2J65bw=
github.com/keybase/go-keychain v0.0.0-20231219164618-57a3676c3af6 h1:IsMZxCuZqKuao2vNdfD82fjjgPLfyHLpR41Z88viRWs=
github.com/keybase/go-keychain v0.0.0-20231219164618-57a3676c3af6/go.mod h1:3VeWNIJaW+O5xpRQbPp0Ybqu1vJd/pm7s2F473HRrkw=
github.com/kr/pretty v0.3.1 h1:flRD4NNwYAUpkphVc1HcthR4KEIFJ65n8Mw5qdRn3LE=
github.com/kr/pretty v0.3.1/go.mod h1:hoEshYVHaxMs3cyo3Yncou5ZscifuDolrwPKZanG3xk=
github.com/kr/text v0.2.0 h1:5Nx0Ya0ZqY2ygV366QzturHI13Jq95ApcVaJBhpS+AY=
github.com/kr/text v0.2.0/go.mod h1:eLer722TekiGuMkidMxC/pM04lWEeraHUUmBw8l2grE=
github.com/kylelemons/godebug v1.1.0 h1:RPNrshWIDI6G2gRW9EHilWtl7Z6Sb1BR0xunSBf0SNc=
github.com/kylelemons/godebug v1.1.0/go.mod h1:9/0rRGxNHcop5bhtWyNeEfOS8JIWk580+fNqagV/RAw=
github.com/mattn/go-colorable v0.1.13 h1:fFA4WZxdEF4tXPZVKMLwD8oUnCTTo08duU7wxecdEvA=
github.com/mattn/go-colorable v0.1.13/go.mod h1:7S9/ev0klgBDR4GtXTXX8a3vIGJpMovkB8vQcUbaXHg=
github.com/mattn/go-isatty v0.0.16/go.mod h1:kYGgaQfpe5nmfYZH+SKPsOc2e4SrIfOl2e/yFXSvRLM=
github.com/mattn/go-isatty v0.0.19/go.mod h1:W+V8PltTTMOvKvAeJH7IuucS94S2C6jfK/D7dTCTo3Y=
github.com/mattn/go-isatty v0.0.20 h1:xfD0iDuEKnDkl03q4limB+vH+GxLEtL/jb4xVJSWWEY=
github.com/mattn/go-isatty v0.0.20/go.mod h1:W+V8PltTTMOvKvAeJH7IuucS94S2C6jfK/D7dTCTo3Y=
github.com/mohae/deepcopy v0.0.0-20170929034955-c48cc78d4826 h1:RWengNIwukTxcDr9M+97sNutRR1RKhG96O6jWumTTnw=
github.com/mohae/deepcopy v0.0.0-20170929034955-c48cc78d4826/go.mod h1:TaXosZuwdSHYgviHp1DAtfrULt5eUgsSMsZf+YrPgl8=
github.com/pkg/browser v0.0.0-20240102092130-5ac0b6a4141c h1:+mdjkGKdHQG3305AYmdv1U2eRNDiU2ErMBj1gwrq8eQ=
github.com/pkg/browser v0.0.0-20240102092130-5ac0b6a4141c/go.mod h1:7rwL4CYBLnjLxUqIJNnCWiEdr3bn6IUYi15bNlnbCCU=
github.com/pkg/errors v0.9.1/go.mod h1:bwawxfHBFNV+L2hUp1rHADufV3IMtnDRdf1r5NINEl0=
github.com/pmezard/go-difflib v1.0.0 h1:4DBwDE0NGyQoBHbLQYPwSUPoCMWR5BEzIk/f1lZbAQM=
github.com/pmezard/go-difflib v1.0.0/go.mod h1:iKH77koFhYxTK1pcRnkKkqfTogsbg7gZNVY4sRDYZ/4=
github.com/redis/go-redis/v9 v9.6.1 h1:HHDteefn6ZkTtY5fGUE8tj8uy85AHk6zP7CpzIAM0y4=
github.com/redis/go-redis/v9 v9.6.1/go.mod h1:0C0c6ycQsdpVNQpxb1njEQIqkx5UcsM8FJCQLgE9+RA=
github.com/richardlehane/mscfb v1.0.4 h1:WULscsljNPConisD5hR0+OyZjwK46Pfyr6mPu5ZawpM=
github.com/richardlehane/mscfb v1.0.4/go.mod h1:YzVpcZg9czvAuhk9T+a3avCpcFPMUWm7gK3DypaEsUk=
github.com/richardlehane/msoleps v1.0.1/go.mod h1:BWev5JBpU9Ko2WAgmZEuiz4/u3ZYTKbjLycmwiWUfWg=
github.com/richardlehane/msoleps v1.0.4 h1:WuESlvhX3gH2IHcd8UqyCuFY5yiq/GR/yqaSM/9/g00=
github.com/richardlehane/msoleps v1.0.4/go.mod h1:BWev5JBpU9Ko2WAgmZEuiz4/u3ZYTKbjLycmwiWUfWg=
github.com/rogpeppe/go-internal v1.12.0 h1:exVL4IDcn6na9z1rAb56Vxr+CgyK3nn3O+epU5NdKM8=
github.com/rogpeppe/go-internal v1.12.0/go.mod h1:E+RYuTGaKKdloAfM02xzb0FW3Paa99yedzYV+kq4uf4=
github.com/rs/xid v1.5.0/go.mod h1:trrq9SKmegXys3aeAKXMUTdJsYXVwGY3RLcfgqegfbg=
github.com/rs/zerolog v1.33.0 h1:1cU2KZkvPxNyfgEmhHAz/1A9Bz+llsdYzklWFzgp0r8=
github.com/rs/zerolog v1.33.0/go.mod h1:/7mN4D5sKwJLZQ2b/znpjC3/GQWY/xaDXUM0kKWRHss=
github.com/russross/blackfriday/v2 v2.1.0/go.mod h1:+Rmxgy9KzJVeS9/2gXHxylqXiyQDYRxCVz55jmeOWTM=
github.com/spf13/cobra v1.8.1 h1:e5/vxKd/rZsfSJMUX1agtjeTDf+qv1/JdBF8gg5k9ZM=
github.com/spf13/cobra v1.8.1/go.mod h1:wHxEcudfqmLYa8iTfL+OuZPbBZkmvliBWKIezN3kD9Y=
github.com/spf13/pflag v1.0.5 h1:iy+VFUOCP1a+8yFto/drg2CJ5u0yRoB7fZw3DKv/JXA=
github.com/spf13/pflag v1.0.5/go.mod h1:McXfInJRrz4CZXVZOBLb0bTZqETkiAhM9Iw0y3An2Bg=
github.com/stretchr/testify v1.9.0 h1:HtqpIVDClZ4nwg75+f6Lvsy/wHu+3BoSGCbBAcpTsTg=
github.com/stretchr/testify v1.9.0/go.mod h1:r2ic/lqez/lEtzL7wO/rwa5dbSLXVDPFyf8C91i36aY=
github.com/xuri/efp v0.0.0-20241211021726-c4e992084aa6 h1:8m6DWBG+dlFNbx5ynvrE7NgI+Y7OlZVMVTpayoW+rCc=
github.com/xuri/efp v0.0.0-20241211021726-c4e992084aa6/go.mod h1:ybY/Jr0T0GTCnYjKqmdwxyxn2BQf2RcQIIvex5QldPI=
github.com/xuri/excelize/v2 v2.9.0 h1:1tgOaEq92IOEumR1/JfYS/eR0KHOCsRv/rYXXh6YJQE=
github.com/xuri/excelize/v2 v2.9.0/go.mod h1:uqey4QBZ9gdMeWApPLdhm9x+9o2lq4iVmjiLfBS5hdE=
github.com/xuri/nfp v0.0.0-20240318013403-ab9948c2c4a7 h1:hPVCafDV85blFTabnqKgNhDCkJX25eik94Si9cTER4A=
github.com/xuri/nfp v0.0.0-20240318013403-ab9948c2c4a7/go.mod h1:WwHg+CVyzlv/TX9xqBFXEZAuxOPxn2k1GNHwG41IIUQ=
golang.org/x/crypto v0.32.0 h1:euUpcYgM8WcP71gNpTqQCn6rC2t6ULUPiOzfWaXVVfc=
golang.org/x/crypto v0.32.0/go.mod h1:ZnnJkOaASj8g0AjIduWNlq2NRxL0PlBrbKVyZ6V/Ugc=
golang.org/x/image v0.18.0 h1:jGzIakQa/ZXI1I0Fxvaa9W7yP25TqT6cHIHn+6CqvSQ=
golang.org/x/image v0.18.0/go.mod h1:4yyo5vMFQjVjUcVk4jEQcU9MGy/rulF5WvUILseCM2E=
golang.org/x/net v0.34.0 h1:Mb7Mrk043xzHgnRM88suvJFwzVrRfHEHJEl5/71CKw0=
golang.org/x/net v0.34.0/go.mod h1:di0qlW3YNM5oh6GqDGQr92MyTozJPmybPK4Ev/Gm31k=
golang.org/x/sys v0.0.0-20220811171246-fbc7d0a398ab/go.mod h1:oPkhp1MJrh7nUepCBck5+mAzfO9JrbApNNgaTdGDITg=
golang.org/x/sys v0.1.0/go.mod h1:oPkhp1MJrh7nUepCBck5+mAzfO9JrbApNNgaTdGDITg=
golang.org/x/sys v0.6.0/go.mod h1:oPkhp1MJrh7nUepCBck5+mAzfO9JrbApNNgaTdGDITg=
golang.org/x/sys v0.12.0/go.mod h1:oPkhp1MJrh7nUepCBck5+mAzfO9JrbApNNgaTdGDITg=
golang.org/x/sys v0.29.0 h1:TPYlXGxvx1MGTn2GiZDhnjPA9wZzZeGKHHmKhHYvgaU=
golang.org/x/sys v0.29.0/go.mod h1:/VUhepiaJMQUp4+oa/7Zr1D23ma6VTLIYjOOTFZPUcA=
golang.org/x/text v0.21.0 h1:zyQAAkrwaneQ066sspRyJaG9VNi/YJ1NfzcGB3hZ/qo=
golang.org/x/text v0.21.0/go.mod h1:4IBbMaMmOPCJ8SecivzSH54+73PCFmPWxNTLm+vZkEQ=
gopkg.in/check.v1 v0.0.0-20161208181325-20d25e280405/go.mod h1:Co6ibVJAznAaIkqp8huTwlJQCZ016jof/cbN4VW5Yz0=
gopkg.in/check.v1 v1.0.0-20201130134442-10cb98267c6c h1:Hei/4ADfdWqJk1ZMxUNpqntNwaWcugrBjAiHlqqRiVk=
gopkg.in/check.v1 v1.0.0-20201130134442-10cb98267c6c/go.mod h1:JHkPIbrfpd72SG/EVd6muEfDQjcINNoR0C8j2r3qZ4Q=
gopkg.in/yaml.v3 v3.0.1 h1:fxVm/GzAzEWqLHuvctI91KS9hhNmmWOoWu0XTYJS7CA=
gopkg.in/yaml.v3 v3.0.1/go.mod h1:K4uyk7z7BCEPqu6E+C64Yfv1cQ7kz7rIZviUmN+EgEM=
