github.com/Azure/azure-sdk-for-go/sdk/azcore v1.21.0 h1:fou+2+WFTib47nS+nz/ozhEBnvU96bKHy6LjRsY4E28=
github.com/Azure/azure-sdk-for-go/sdk/azcore v1.21.0/go.mod h1:t76Ruy8AHvUAC8GfMWJMa0ElSbuIcO03NLpynfbgsPA=
github.com/Azure/azure-sdk-for-go/sdk/azidentity v1.13.1 h1:Hk5QBxZQC1jb2Fwj6mpzme37xbCDdNTxU7O9eb5+LB4=
github.com/Azure/azure-sdk-for-go/sdk/azidentity v1.13.1/go.mod h1:IYus9qsFobWIc2YVwe/WPjcnyCkPKtnHAqUYeebc8z0=
github.com/Azure/azure-sdk-for-go/sdk/azidentity/cache v0.3.2 h1:yz1bePFlP5Vws5+8ez6T3HWXPmwOK7Yvq8QxDBD3SKY=
github.com/Azure/azure-sdk-for-go/sdk/azidentity/cache v0.3.2/go.mod h1:Pa9ZNPuoNu/GztvBSKk9J1cDJW6vk/n0zLtV4mgd8N8=
github.com/Azure/azure-sdk-for-go/sdk/internal v1.11.2 h1:9iefClla7iYpfYWdzPCRDozdmndjTm8DXdpCzPajMgA=
github.com/Azure/azure-sdk-for-go/sdk/internal v1.11.2/go.mod h1:XtLgD3ZD34DAaVIIAyG3objl5DynM3CQ/vMcbBNJZGI=
github.com/Azure/azure-sdk-for-go/sdk/monitor/query/azmetrics v1.3.0 h1:blbWEpcsg2EFqXe64sRPdWPKnLWm0fPY4iHyo4MoHVM=
github.com/Azure/azure-sdk-for-go/sdk/monitor/query/azmetrics v1.3.0/go.mod h1:jWOswzu+YEJ01Csz2ZUir7KecMjHJNYwxufLqAYi+ls=
github.com/Azure/azure-sdk-for-go/sdk/resourcemanager/analysisservices/armanalysisservices v1.2.0 h1:iCQzouPqEJkjvgXooBv/AlUp16HHB+fR5S7CU1wDns8=
github.com/Azure/azure-sdk-for-go/sdk/resourcemanager/analysisservices/armanalysisservices v1.2.0/go.mod h1:IDarmBQ4VwelvI5xEwBtDommOZYwb5xAsGS/ok1MYcg=
github.com/Azure/azure-sdk-for-go/sdk/resourcemanager/apimanagement/armapimanagement v1.1.1 h1:jCkNVNpsEevyic4bmjgVjzVA4tMGSJpXNGirf+S+mDI=
github.com/Azure/azure-sdk-for-go/sdk/resourcemanager/apimanagement/armapimanagement v1.1.1/go.mod h1:a0Ug1l73Il7EhrCJEEt2dGjlNjvphppZq5KqJdgnwuw=
github.com/Azure/azure-sdk-for-go/sdk/resourcemanager/appconfiguration/armappconfiguration v1.1.1 h1:iRc20pGuVlc1HwRO2bg0m1tfP9rkPB0K88trl8Fei2w=
github.com/Azure/azure-sdk-for-go/sdk/resourcemanager/appconfiguration/armappconfiguration v1.1.1/go.mod h1:21Lewei+tg5zp5xmyOxfDY//2tBvWQXee0UoM8xZjr8=
github.com/Azure/azure-sdk-for-go/sdk/resourcemanager/appcontainers/armappcontainers/v2 v2.1.0 h1:zDZaE5l/F3aAAITZa6y2oTc7SdiYNJ0a5vFnE+sF5ro=
github.com/Azure/azure-sdk-for-go/sdk/resourcemanager/appcontainers/armappcontainers/v2 v2.1.0/go.mod h1:Wyp5SZpwTP9gXJE0J2JuhTj1s+uMJzA1HQY1P9v3l/I=
github.com/Azure/azure-sdk-for-go/sdk/resourcemanager/applicationinsights/armapplicationinsights v1.2.0 h1:7FX6sHNPamIAyukt6w9Gw5Qa5bu+gVN2Iy70yHc0xns=
github.com/Azure/azure-sdk-for-go/sdk/resourcemanager/applicationinsights/armapplicationinsights v1.2.0/go.mod h1:S7Ss6Rm0nlKDRHKrO9eL2Be5EnX29Z09CNPWgK7o4+I=
github.com/Azure/azure-sdk-for-go/sdk/resourcemanager/appservice/armappservice/v2 v2.3.0 h1:JI8PcWOImyvIUEZ0Bbmfe05FOlWkMi2KhjG+cAKaUms=
github.com/Azure/azure-sdk-for-go/sdk/resourcemanager/appservice/armappservice/v2 v2.3.0/go.mod h1:nJLFPGJkyKfDDyJiPuHIXsCi/gpJkm07EvRgiX7SGlI=
github.com/Azure/azure-sdk-for-go/sdk/resourcemanager/carbonoptimization/armcarbonoptimization v1.0.0 h1:3QWZJ2VQpmjuKVdxz9W1uGeuDfJVDbjqJuMD3fJL96g=
github.com/Azure/azure-sdk-for-go/sdk/resourcemanager/carbonoptimization/armcarbonoptimization v1.0.0/go.mod h1:RKeTr4xYL46aSsglK/ejFymF4/TM4iN0V8gKscCpcT0=
github.com/Azure/azure-sdk-for-go/sdk/resourcemanager/cdn/armcdn v1.1.1 h1:CtE6GCP9YEDF6DjpFxl7xQBqklqfyCC/xkBKUGa/IAc=
github.com/Azure/azure-sdk-for-go/sdk/resourcemanager/cdn/armcdn v1.1.1/go.mod h1:b9yk+8vyxSsBsiEjk9kzrwxgyn+7+J4HzDOYUPznES4=
github.com/Azure/azure-sdk-for-go/sdk/resourcemanager/cognitiveservices/armcognitiveservices/v2 v2.0.0 h1:pxphC/uRZKNHNPbZ0duDDgKkefju2F03OkG5xF6byHQ=
github.com/Azure/azure-sdk-for-go/sdk/resourcemanager/cognitiveservices/armcognitiveservices/v2 v2.0.0/go.mod h1:twcwRey+l1znKBL5TEzYiZMtiVkWfM7Pq8a9vY04xYc=
github.com/Azure/azure-sdk-for-go/sdk/resourcemanager/compute/armcompute/v4 v4.2.1 h1:UPeCRD+XY7QlaGQte2EVI2iOcWvUYA2XY8w5T/8v0NQ=
github.com/Azure/azure-sdk-for-go/sdk/resourcemanager/compute/armcompute/v4 v4.2.1/go.mod h1:oGV6NlB0cvi1ZbYRR2UN44QHxWFyGk+iylgD0qaMXjA=
github.com/Azure/azure-sdk-for-go/sdk/resourcemanager/containerinstance/armcontainerinstance v1.0.0 h1:yKmuPI8w+5rXTMa4G5xrzwz9aGEkS6t4Gx/cRBnuh+M=
github.com/Azure/azure-sdk-for-go/sdk/resourcemanager/containerinstance/armcontainerinstance v1.0.0/go.mod h1:V0F1UD2J+8nx/DQEfxZCXnLCKVLFlYUG8lrjrxFKU8w=
github.com/Azure/azure-sdk-for-go/sdk/resourcemanager/containerregistry/armcontainerregistry v1.3.0-beta.3 h1:4qfc7os3wRQcl+ImfeH9z0abWJzuV9IGcN1B9olmPTU=
github.com/Azure/azure-sdk-for-go/sdk/resourcemanager/containerregistry/armcontainerregistry v1.3.0-beta.3/go.mod h1:NlNAngH4e++mzPTN0+1EEvyUmwFmR91u/MQUVV230Z4=
github.com/Azure/azure-sdk-for-go/sdk/resourcemanager/containerservice/armcontainerservice/v4 v4.8.0 h1:0nGmzwBv5ougvzfGPCO2ljFRHvun57KpNrVCMrlk0ns=
github.com/Azure/azure-sdk-for-go/sdk/resourcemanager/containerservice/armcontainerservice/v4 v4.8.0/go.mod h1:gYq8wyDgv6JLhGbAU6gg8amCPgQWRE+aCvrV2gyzdfs=
github.com/Azure/azure-sdk-for-go/sdk/resourcemanager/cosmos/armcosmos v1.0.0 h1:Fv8iibGn1eSw0lt2V3cTsuokBEnOP+M//n8OiMcCgTM=
github.com/Azure/azure-sdk-for-go/sdk/resourcemanager/cosmos/armcosmos v1.0.0/go.mod h1:Qpe/qN9d5IQ7WPtTXMRCd6+BWTnhi3sxXVys6oJ5Vho=
github.com/Azure/azure-sdk-for-go/sdk/resourcemanager/costmanagement/armcostmanagement v1.1.1 h1:ehSLdbLah6kk6HTVc6e/lrbmbz7MMbpNxkOd3OYlhB0=
github.com/Azure/azure-sdk-for-go/sdk/resourcemanager/costmanagement/armcostmanagement v1.1.1/go.mod h1:Am1cUioOk0HdZIsjpXJkQ4RIeQbwYsW6LkNIc5z/5XY=
github.com/Azure/azure-sdk-for-go/sdk/resourcemanager/dashboard/armdashboard v1.2.0 h1:MRPU8Bge2f9tkfG3PCr4vEnqXl8XOSjlhuK3l+8Hvkc=
github.com/Azure/azure-sdk-for-go/sdk/resourcemanager/dashboard/armdashboard v1.2.0/go.mod h1:xYrOYxajQvXMlp6M1E3amlaqPDXspyJxmjqTsGo6Jmw=
github.com/Azure/azure-sdk-for-go/sdk/resourcemanager/databricks/armdatabricks v1.1.0 h1:rQyNHB/4ntzvm5F9WAiaAl7jWII+jaI4rL6sSWxTNeM=
github.com/Azure/azure-sdk-for-go/sdk/resourcemanager/databricks/armdatabricks v1.1.0/go.mod h1:4jtknLqzaPtwIz8Y9NBp2rXxeA7BbSICWBD0FDzG2VM=
github.com/Azure/azure-sdk-for-go/sdk/resourcemanager/datafactory/armdatafactory v1.3.0 h1:pmKRJksZidUYbOMQ2wtVm4L9q0BadVfBsF/fPKUUnjg=
github.com/Azure/azure-sdk-for-go/sdk/resourcemanager/datafactory/armdatafactory v1.3.0/go.mod h1:CmZkcUHLqzY7I+io4fQda7G1ZJ/4R0b3/iPFzEWWl7E=
github.com/Azure/azure-sdk-for-go/sdk/resourcemanager/eventgrid/armeventgrid v1.0.0 h1:w6b0+FygDpqM7g5cjbeyPoBzgxVHwwt2vCUvTz1oFY8=
github.com/Azure/azure-sdk-for-go/sdk/resourcemanager/eventgrid/armeventgrid v1.0.0/go.mod h1:t8kRpcgm+RdImuJgHG6SfoQ0tpb9LGl7MF1E6u0yeeA=
github.com/Azure/azure-sdk-for-go/sdk/resourcemanager/eventhub/armeventhub v1.3.0 h1:4hGvxD72TluuFIXVr8f4XkKZfqAa7Pj61t0jmQ7+kes=
github.com/Azure/azure-sdk-for-go/sdk/resourcemanager/eventhub/armeventhub v1.3.0/go.mod h1:TSH7DcFItwAufy0Lz+Ft2cyopExCpxbOxI5SkH4dRNo=
github.com/Azure/azure-sdk-for-go/sdk/resourcemanager/fabric/armfabric v1.0.0 h1:rSss+KFqv/y2WeWCVjNmfPL1riYJ8dTbE0HqidCowuk=
github.com/Azure/azure-sdk-for-go/sdk/resourcemanager/fabric/armfabric v1.0.0/go.mod h1:oiQJZy3KaFouyQYLQow7+Zek9MS885GJ3u8YCmuS9wQ=
github.com/Azure/azure-sdk-for-go/sdk/resourcemanager/internal v1.1.2 h1:mLY+pNLjCUeKhgnAJWAKhEUQM+RJQo2H1fuGSw1Ky1E=
github.com/Azure/azure-sdk-for-go/sdk/resourcemanager/internal v1.1.2/go.mod h1:FbdwsQ2EzwvXxOPcMFYO8ogEc9uMMIj3YkmCdXdAFmk=
github.com/Azure/azure-sdk-for-go/sdk/resourcemanager/internal/v2 v2.0.0 h1:PTFGRSlMKCQelWwxUyYVEUqseBJVemLyqWJjvMyt0do=
github.com/Azure/azure-sdk-for-go/sdk/resourcemanager/internal/v2 v2.0.0/go.mod h1:LRr2FzBTQlONPPa5HREE5+RjSCTXl7BwOvYOaWTqCaI=
github.com/Azure/azure-sdk-for-go/sdk/resourcemanager/internal/v3 v3.1.0 h1:2qsIIvxVT+uE6yrNldntJKlLRgxGbZ85kgtz5SNBhMw=
github.com/Azure/azure-sdk-for-go/sdk/resourcemanager/internal/v3 v3.1.0/go.mod h1:AW8VEadnhw9xox+VaVd9sP7NjzOAnaZBLRH6Tq3cJ38=
github.com/Azure/azure-sdk-for-go/sdk/resourcemanager/keyvault/armkeyvault v1.5.0 h1:nnQ9vXH039UrEFxi08pPuZBE7VfqSJt343uJLw0rhWI=
github.com/Azure/azure-sdk-for-go/sdk/resourcemanager/keyvault/armkeyvault v1.5.0/go.mod h1:4YIVtzMFVsPwBvitCDX7J9sqthSj43QD1sP6fYc1egc=
github.com/Azure/azure-sdk-for-go/sdk/resourcemanager/kusto/armkusto v1.3.1 h1:ik0pyYcwUqdiPPXOioZfKL62SVu7iN5eh5zxHEbV3VE=
github.com/Azure/azure-sdk-for-go/sdk/resourcemanager/kusto/armkusto v1.3.1/go.mod h1:st4TFPle8b16a2B9MEN+ofQT6iJjWBPAD9F5rfMQtZg=
github.com/Azure/azure-sdk-for-go/sdk/resourcemanager/logic/armlogic v1.2.0 h1:EMNgS+pCj2/2LL7+nWG8zPf9sp4u8icP5FNwoBhyc8M=
github.com/Azure/azure-sdk-for-go/sdk/resourcemanager/logic/armlogic v1.2.0/go.mod h1:TsM36SmGxYC24DiOTR9wPuBj5HYphihMC6xlnX536bE=
github.com/Azure/azure-sdk-for-go/sdk/resourcemanager/machinelearning/armmachinelearning v1.0.0 h1:KWvCVjnOTKCZAlqED5KPNoN9AfcK2BhUeveLdiwy33Q=
github.com/Azure/azure-sdk-for-go/sdk/resourcemanager/machinelearning/armmachinelearning v1.0.0/go.mod h1:qNN4I5AKYbXMLriS9XKebBw8EVIQkX6tJzrdtjOoJ4I=
github.com/Azure/azure-sdk-for-go/sdk/resourcemanager/managementgroups/armmanagementgroups v1.2.0 h1:akP6VpxJGgQRpDR1P462piz/8OhYLRCreDj48AyNabc=
github.com/Azure/azure-sdk-for-go/sdk/resourcemanager/managementgroups/armmanagementgroups v1.2.0/go.mod h1:8wzvopPfyZYPaQUoKW87Zfdul7jmJMDfp/k7YY3oJyA=
github.com/Azure/azure-sdk-for-go/sdk/resourcemanager/mariadb/armmariadb v1.2.0 h1:seh4IsOzJkO3AxKPSHWmBKbTtO/4kiSDPa7spQmMxDY=
github.com/Azure/azure-sdk-for-go/sdk/resourcemanager/mariadb/armmariadb v1.2.0/go.mod h1:DjMBNXv1qSHIv81Mj/MeAru4hk5WhOW4YZ40c+zo+Us=
github.com/Azure/azure-sdk-for-go/sdk/resourcemanager/monitor/armmonitor v0.11.0 h1:Ds0KRF8ggpEGg4Vo42oX1cIt/IfOhHWJBikksZbVxeg=
github.com/Azure/azure-sdk-for-go/sdk/resourcemanager/monitor/armmonitor v0.11.0/go.mod h1:jj6P8ybImR+5topJ+eH6fgcemSFBmU6/6bFF8KkwuDI=
github.com/Azure/azure-sdk-for-go/sdk/resourcemanager/mysql/armmysql v1.2.0 h1:dhywcZH9yPDIje9aTqwy6psZSPzI6CJLYEprDahIBSQ=
github.com/Azure/azure-sdk-for-go/sdk/resourcemanager/mysql/armmysql v1.2.0/go.mod h1:6z3b+JdBLH0eMzfBex/cvEIoEFVEwXuB0wbgdfN11iM=
github.com/Azure/azure-sdk-for-go/sdk/resourcemanager/mysql/armmysqlflexibleservers v1.2.0 h1:3jDMffAwnvs6qmOqhjNVHB29AKxs6brnzJeo65E1YwM=
github.com/Azure/azure-sdk-for-go/sdk/resourcemanager/mysql/armmysqlflexibleservers v1.2.0/go.mod h1:0mKVz3WT8oNjBunT1zD/HPwMleQ72QClMa7Gmsm+6Kc=
github.com/Azure/azure-sdk-for-go/sdk/resourcemanager/network/armnetwork v1.0.0 h1:nBy98uKOIfun5z6wx6jwWLrULcM0+cjBalBFZlEZ7CA=
github.com/Azure/azure-sdk-for-go/sdk/resourcemanager/network/armnetwork v1.0.0/go.mod h1:243D9iHbcQXoFUtgHJwL7gl2zx1aDuDMjvBZVGr2uW0=
github.com/Azure/azure-sdk-for-go/sdk/resourcemanager/network/armnetwork/v6 v6.2.0 h1:HYGD75g0bQ3VO/Omedm54v4LrD3B1cGImuRF3AJ5wLo=
github.com/Azure/azure-sdk-for-go/sdk/resourcemanager/network/armnetwork/v6 v6.2.0/go.mod h1:ulHyBFJOI0ONiRL4vcJTmS7rx18jQQlEPmAgo80cRdM=
github.com/Azure/azure-sdk-for-go/sdk/resourcemanager/operationalinsights/armoperationalinsights/v2 v2.0.2 h1:SFLbQmpdytToYZQJw5NqrZRwHPIGJmf5ZgjStbLfUuU=
github.com/Azure/azure-sdk-for-go/sdk/resourcemanager/operationalinsights/armoperationalinsights/v2 v2.0.2/go.mod h1:H3EFkhcVTisidszwtIkRDggjS2HmOIA26J3g8hDdHAY=
github.com/Azure/azure-sdk-for-go/sdk/resourcemanager/postgresql/armpostgresql v1.2.0 h1:0hXKrsbh2M6CQyW0TDC9Bsyd99vQmrOxiBTUfQHZjPA=
github.com/Azure/azure-sdk-for-go/sdk/resourcemanager/postgresql/armpostgresql v1.2.0/go.mod h1:bvZZor36Jg9q9kouuMyfJ+ay77+qK+YUfThXH1FdXjU=
github.com/Azure/azure-sdk-for-go/sdk/resourcemanager/postgresql/armpostgresqlflexibleservers v1.1.0 h1:HzqcSJWx32XQdr8KtxAu/SZJj0PqDo9tKf2YGPdynV0=
github.com/Azure/azure-sdk-for-go/sdk/resourcemanager/postgresql/armpostgresqlflexibleservers v1.1.0/go.mod h1:nKcJObAisSPDrO9lMuuCBoYY7Ki7ADt8p6XmBhpKNTk=
github.com/Azure/azure-sdk-for-go/sdk/resourcemanager/redis/armredis v1.0.0 h1:nmpTBgRg1HynngFYICRhceC7s5dmbKN9fJ/XQz/UQ2I=
github.com/Azure/azure-sdk-for-go/sdk/resourcemanager/redis/armredis v1.0.0/go.mod h1:3yjiOtnkVociBTlF7UZrwAGfJrGaOCsvtVS4HzNajxQ=
github.com/Azure/azure-sdk-for-go/sdk/resourcemanager/resources/armresources v1.2.0 h1:Dd+RhdJn0OTtVGaeDLZpcumkIVCtA/3/Fo42+eoYvVM=
github.com/Azure/azure-sdk-for-go/sdk/resourcemanager/resources/armresources v1.2.0/go.mod h1:5kakwfW5CjC9KK+Q4wjXAg+ShuIm2mBMua0ZFj2C8PE=
github.com/Azure/azure-sdk-for-go/sdk/resourcemanager/search/armsearch v1.4.0 h1:zBdabY8pMSMLPb1XJnFSEdJi9Bd0h+VMjh1uU8B6Yp8=
github.com/Azure/azure-sdk-for-go/sdk/resourcemanager/search/armsearch v1.4.0/go.mod h1:Y2Q3nB3UfSnG9nALOpPAjflXPM3jL/n2ZmYIu2Occ9g=
github.com/Azure/azure-sdk-for-go/sdk/resourcemanager/servicebus/armservicebus v1.2.0 h1:jngSeKBnzC7qIk3rvbWHsLI7eeasEucORHWr2CHX0Yg=
github.com/Azure/azure-sdk-for-go/sdk/resourcemanager/servicebus/armservicebus v1.2.0/go.mod h1:1YXAxWw6baox+KafeQU2scy21/4IHvqXoIJuCpcvpMQ=
github.com/Azure/azure-sdk-for-go/sdk/resourcemanager/signalr/armsignalr v1.2.0 h1:Y8CF7FyuVVDyX5W6Azwjj3PpwUZVbXBOCyQytv/0QEA=
github.com/Azure/azure-sdk-for-go/sdk/resourcemanager/signalr/armsignalr v1.2.0/go.mod h1:tzUx/enAY8RSmQhRq02uVZFeRJxdGYT6BqXwHiHoOcU=
github.com/Azure/azure-sdk-for-go/sdk/resourcemanager/sql/armsql v1.2.0 h1:S087deZ0kP1RUg4pU7w9U9xpUedTCbOtz+mnd0+hrkQ=
github.com/Azure/azure-sdk-for-go/sdk/resourcemanager/sql/armsql v1.2.0/go.mod h1:B4cEyXrWBmbfMDAPnpJ1di7MAt5DKP57jPEObAvZChg=
github.com/Azure/azure-sdk-for-go/sdk/resourcemanager/storage/armstorage v1.8.1 h1:/Zt+cDPnpC3OVDm/JKLOs7M2DKmLRIIp3XIx9pHHiig=
github.com/Azure/azure-sdk-for-go/sdk/resourcemanager/storage/armstorage v1.8.1/go.mod h1:Ng3urmn6dYe8gnbCMoHHVl5APYz2txho3koEkV2o2HA=
github.com/Azure/azure-sdk-for-go/sdk/resourcemanager/subscription/armsubscription v1.2.0 h1:UrGzkHueDwAWDdjQxC+QaXHd4tVCkISYE9j7fSSXF8k=
github.com/Azure/azure-sdk-for-go/sdk/resourcemanager/subscription/armsubscription v1.2.0/go.mod h1:qskvSQeW+cxEE2bcKYyKimB1/KiQ9xpJ99bcHY0BX6c=
github.com/Azure/azure-sdk-for-go/sdk/resourcemanager/synapse/armsynapse v0.8.0 h1:IKCilT2DdxjeCXhiCIZb5hywpA1KDGKwpdA1WL20wT0=
github.com/Azure/azure-sdk-for-go/sdk/resourcemanager/synapse/armsynapse v0.8.0/go.mod h1:IzuvA34YNVnlifc1+KhCouAKEf1VYzV439FOpyfTHzA=
github.com/Azure/azure-sdk-for-go/sdk/resourcemanager/trafficmanager/armtrafficmanager v1.3.0 h1:e3kTG23M5ps+DjvPolK4dcgohDY8sHsXU7zrdHj1WzY=
github.com/Azure/azure-sdk-for-go/sdk/resourcemanager/trafficmanager/armtrafficmanager v1.3.0/go.mod h1:Os5dq8Cvvz97rJauZhZJAfKHN+OEvF/0nVmHzF4aVys=
github.com/Azure/azure-sdk-for-go/sdk/resourcemanager/virtualmachineimagebuilder/armvirtualmachineimagebuilder/v2 v2.3.0 h1:oMC000T4/6AQREdUeR7pL/e1qcrKfznthEaj2DGKOo4=
github.com/Azure/azure-sdk-for-go/sdk/resourcemanager/virtualmachineimagebuilder/armvirtualmachineimagebuilder/v2 v2.3.0/go.mod h1:+iH0q9O/v2R4DlcvTrdXKcKUhxazcu4gTBb/QCfkDP4=
github.com/Azure/azure-sdk-for-go/sdk/resourcemanager/webpubsub/armwebpubsub v1.3.0 h1:NyzzELDBMwCl+jHnUAEzv/4t9tp0vVn78vUou/7yqvM=
github.com/Azure/azure-sdk-for-go/sdk/resourcemanager/webpubsub/armwebpubsub v1.3.0/go.mod h1:3cqAZX7JxhdbywHK3b1iaO/VcP9Kv+yvZ/s44EO2+LI=
github.com/AzureAD/microsoft-authentication-extensions-for-go/cache v0.1.1 h1:WJTmL004Abzc5wDB5VtZG2PJk5ndYDgVacGqfirKxjM=
github.com/AzureAD/microsoft-authentication-extensions-for-go/cache v0.1.1/go.mod h1:tCcJZ0uHAmvjsVYzEFivsRTN00oz5BEsRgQHu5JZ9WE=
github.com/AzureAD/microsoft-authentication-library-for-go v1.6.0 h1:XRzhVemXdgvJqCH0sFfrBUTnUJSBrBf7++ypk+twtRs=
github.com/AzureAD/microsoft-authentication-library-for-go v1.6.0/go.mod h1:HKpQxkWaGLJ+D/5H8QRpyQXA1eKjxkFlOMwck5+33Jk=
github.com/bahlo/generic-list-go v0.2.0 h1:5sz/EEAK+ls5wF+NeqDpk5+iNdMDXrh3z3nPnH1Wvgk=
github.com/bahlo/generic-list-go v0.2.0/go.mod h1:2KvAjgMlE5NNynlg/5iLrrCCZ2+5xWbdbCW3pNTGyYg=
github.com/buger/jsonparser v1.1.1 h1:2PnMjfWD7wBILjqQbt530v576A/cAbQvEW9gGIpYMUs=
github.com/buger/jsonparser v1.1.1/go.mod h1:6RYKKt7H4d4+iWqouImQ9R2FZql3VbhNgx27UK13J/0=
github.com/coreos/go-systemd/v22 v22.5.0/go.mod h1:Y58oyj3AT4RCenI/lSvhwexgC+NSVTIJ3seZv2GcEnc=
github.com/cpuguy83/go-md2man/v2 v2.0.6/go.mod h1:oOW0eioCTA6cOiMLiUPZOpcVxMig6NIQQ7OS05n1F4g=
github.com/davecgh/go-spew v1.1.1 h1:vj9j/u1bqnvCEfJOwUhtlOARqs3+rkHYY13jYWTU97c=
github.com/davecgh/go-spew v1.1.1/go.mod h1:J7Y8YcW2NihsgmVo/mv3lAwl/skON4iLHjSsI+c5H38=
github.com/frankban/quicktest v1.14.6 h1:7Xjx+VpznH+oBnejlPUj8oUpdxnVs4f8XU8WnHkI4W8=
github.com/frankban/quicktest v1.14.6/go.mod h1:4ptaffx2x8+WTWXmUCuVU6aPUX1/Mz7zb5vbUoiM6w0=
github.com/godbus/dbus/v5 v5.0.4/go.mod h1:xhWf0FNVPg57R7Z0UbKHbJfkEywrmjJnf7w5xrFpKfA=
github.com/golang-jwt/jwt/v5 v5.3.0 h1:pv4AsKCKKZuqlgs5sUmn4x8UlGa0kEVt/puTpKx9vvo=
github.com/golang-jwt/jwt/v5 v5.3.0/go.mod h1:fxCRLWMO43lRc8nhHWY6LGqRcf+1gQWArsqaEUEa5bE=
github.com/google/go-cmp v0.5.9 h1:O2Tfq5qg4qc4AmwVlvv0oLiVAGB7enBSJ2x2DqQFi38=
github.com/google/go-cmp v0.5.9/go.mod h1:17dUlkBOakJ0+DkrSSNjCkIjxS6bF9zb3elmeNGIjoY=
github.com/google/uuid v1.6.0 h1:NIvaJDMOsjHA8n1jAhLSgzrAzy1Hgr+hNrb57e+94F0=
github.com/google/uuid v1.6.0/go.mod h1:TIyPZe4MgqvfeYDBFedMoGGpEw/LqOeaOT+nhxU+yHo=
github.com/iancoleman/strcase v0.3.0 h1:nTXanmYxhfFAMjZL34Ov6gkzEsSJZ5DbhxWjvSASxEI=
github.com/iancoleman/strcase v0.3.0/go.mod h1:iwCmte+B7n89clKwxIoIXy/HfoL7AsD47ZCWhYzw7ho=
github.com/inconshreveable/mousetrap v1.1.0 h1:wN+x4NVGpMsO7ErUn/mUI3vEoE6Jt13X2s0bqwp9tc8=
github.com/inconshreveable/mousetrap v1.1.0/go.mod h1:vpF70FUmC8bwa3OWnCshd2FqLfsEA9PFc4w1p2J65bw=
github.com/invopop/jsonschema v0.13.0 h1:KvpoAJWEjR3uD9Kbm2HWJmqsEaHt8lBUpd0qHcIi21E=
github.com/invopop/jsonschema v0.13.0/go.mod h1:ffZ5Km5SWWRAIN6wbDXItl95euhFz2uON45H2qjYt+0=
github.com/keybase/go-keychain v0.0.1 h1:way+bWYa6lDppZoZcgMbYsvC7GxljxrskdNInRtuthU=
github.com/keybase/go-keychain v0.0.1/go.mod h1:PdEILRW3i9D8JcdM+FmY6RwkHGnhHxXwkPPMeUgOK1k=
github.com/kr/pretty v0.3.1 h1:flRD4NNwYAUpkphVc1HcthR4KEIFJ65n8Mw5qdRn3LE=
github.com/kr/pretty v0.3.1/go.mod h1:hoEshYVHaxMs3cyo3Yncou5ZscifuDolrwPKZanG3xk=
github.com/kr/text v0.2.0 h1:5Nx0Ya0ZqY2ygV366QzturHI13Jq95ApcVaJBhpS+AY=
github.com/kr/text v0.2.0/go.mod h1:eLer722TekiGuMkidMxC/pM04lWEeraHUUmBw8l2grE=
github.com/kylelemons/godebug v1.1.0 h1:RPNrshWIDI6G2gRW9EHilWtl7Z6Sb1BR0xunSBf0SNc=
github.com/kylelemons/godebug v1.1.0/go.mod h1:9/0rRGxNHcop5bhtWyNeEfOS8JIWk580+fNqagV/RAw=
github.com/mailru/easyjson v0.9.0 h1:PrnmzHw7262yW8sTBwxi1PdJA3Iw/EKBa8psRf7d9a4=
github.com/mailru/easyjson v0.9.0/go.mod h1:1+xMtQp2MRNVL/V1bOzuP3aP8VNwRW55fQUto+XFtTU=
github.com/mark3labs/mcp-go v0.44.0 h1:OlYfcVviAnwNN40QZUrrzU0QZjq3En7rCU5X09a/B7I=
github.com/mark3labs/mcp-go v0.44.0/go.mod h1:YnJfOL382MIWDx1kMY+2zsRHU/q78dBg9aFb8W6Thdw=
github.com/mattn/go-colorable v0.1.13/go.mod h1:7S9/ev0klgBDR4GtXTXX8a3vIGJpMovkB8vQcUbaXHg=
github.com/mattn/go-colorable v0.1.14 h1:9A9LHSqF/7dyVVX6g0U9cwm9pG3kP9gSzcuIPHPsaIE=
github.com/mattn/go-colorable v0.1.14/go.mod h1:6LmQG8QLFO4G5z1gPvYEzlUgJ2wF+stgPZH1UqBm1s8=
github.com/mattn/go-isatty v0.0.16/go.mod h1:kYGgaQfpe5nmfYZH+SKPsOc2e4SrIfOl2e/yFXSvRLM=
github.com/mattn/go-isatty v0.0.19/go.mod h1:W+V8PltTTMOvKvAeJH7IuucS94S2C6jfK/D7dTCTo3Y=
github.com/mattn/go-isatty v0.0.20 h1:xfD0iDuEKnDkl03q4limB+vH+GxLEtL/jb4xVJSWWEY=
github.com/mattn/go-isatty v0.0.20/go.mod h1:W+V8PltTTMOvKvAeJH7IuucS94S2C6jfK/D7dTCTo3Y=
github.com/pkg/browser v0.0.0-20240102092130-5ac0b6a4141c h1:+mdjkGKdHQG3305AYmdv1U2eRNDiU2ErMBj1gwrq8eQ=
github.com/pkg/browser v0.0.0-20240102092130-5ac0b6a4141c/go.mod h1:7rwL4CYBLnjLxUqIJNnCWiEdr3bn6IUYi15bNlnbCCU=
github.com/pkg/errors v0.9.1/go.mod h1:bwawxfHBFNV+L2hUp1rHADufV3IMtnDRdf1r5NINEl0=
github.com/pmezard/go-difflib v1.0.0 h1:4DBwDE0NGyQoBHbLQYPwSUPoCMWR5BEzIk/f1lZbAQM=
github.com/pmezard/go-difflib v1.0.0/go.mod h1:iKH77koFhYxTK1pcRnkKkqfTogsbg7gZNVY4sRDYZ/4=
github.com/richardlehane/mscfb v1.0.4 h1:WULscsljNPConisD5hR0+OyZjwK46Pfyr6mPu5ZawpM=
github.com/richardlehane/mscfb v1.0.4/go.mod h1:YzVpcZg9czvAuhk9T+a3avCpcFPMUWm7gK3DypaEsUk=
github.com/richardlehane/msoleps v1.0.1/go.mod h1:BWev5JBpU9Ko2WAgmZEuiz4/u3ZYTKbjLycmwiWUfWg=
github.com/richardlehane/msoleps v1.0.4 h1:WuESlvhX3gH2IHcd8UqyCuFY5yiq/GR/yqaSM/9/g00=
github.com/richardlehane/msoleps v1.0.4/go.mod h1:BWev5JBpU9Ko2WAgmZEuiz4/u3ZYTKbjLycmwiWUfWg=
github.com/rogpeppe/go-internal v1.12.0 h1:exVL4IDcn6na9z1rAb56Vxr+CgyK3nn3O+epU5NdKM8=
github.com/rogpeppe/go-internal v1.12.0/go.mod h1:E+RYuTGaKKdloAfM02xzb0FW3Paa99yedzYV+kq4uf4=
github.com/rs/xid v1.6.0/go.mod h1:7XoLgs4eV+QndskICGsho+ADou8ySMSjJKDIan90Nz0=
github.com/rs/zerolog v1.34.0 h1:k43nTLIwcTVQAncfCw4KZ2VY6ukYoZaBPNOE8txlOeY=
github.com/rs/zerolog v1.34.0/go.mod h1:bJsvje4Z08ROH4Nhs5iH600c3IkWhwp44iRc54W6wYQ=
github.com/russross/blackfriday/v2 v2.1.0/go.mod h1:+Rmxgy9KzJVeS9/2gXHxylqXiyQDYRxCVz55jmeOWTM=
github.com/spf13/cast v1.7.1 h1:cuNEagBQEHWN1FnbGEjCXL2szYEXqfJPbP2HNUaca9Y=
github.com/spf13/cast v1.7.1/go.mod h1:ancEpBxwJDODSW/UG4rDrAqiKolqNNh2DX3mk86cAdo=
github.com/spf13/cobra v1.10.2 h1:DMTTonx5m65Ic0GOoRY2c16WCbHxOOw6xxezuLaBpcU=
github.com/spf13/cobra v1.10.2/go.mod h1:7C1pvHqHw5A4vrJfjNwvOdzYu0Gml16OCs2GRiTUUS4=
github.com/spf13/pflag v1.0.9 h1:9exaQaMOCwffKiiiYk6/BndUBv+iRViNW+4lEMi0PvY=
github.com/spf13/pflag v1.0.9/go.mod h1:McXfInJRrz4CZXVZOBLb0bTZqETkiAhM9Iw0y3An2Bg=
github.com/stretchr/testify v1.11.1 h1:7s2iGBzp5EwR7/aIZr8ao5+dra3wiQyKjjFuvgVKu7U=
github.com/stretchr/testify v1.11.1/go.mod h1:wZwfW3scLgRK+23gO65QZefKpKQRnfz6sD981Nm4B6U=
github.com/tiendc/go-deepcopy v1.7.1 h1:LnubftI6nYaaMOcaz0LphzwraqN8jiWTwm416sitff4=
github.com/tiendc/go-deepcopy v1.7.1/go.mod h1:4bKjNC2r7boYOkD2IOuZpYjmlDdzjbpTRyCx+goBCJQ=
github.com/wk8/go-ordered-map/v2 v2.1.8 h1:5h/BUHu93oj4gIdvHHHGsScSTMijfx5PeYkE/fJgbpc=
github.com/wk8/go-ordered-map/v2 v2.1.8/go.mod h1:5nJHM5DyteebpVlHnWMV0rPz6Zp7+xBAnxjb1X5vnTw=
github.com/xuri/efp v0.0.1 h1:fws5Rv3myXyYni8uwj2qKjVaRP30PdjeYe2Y6FDsCL8=
github.com/xuri/efp v0.0.1/go.mod h1:ybY/Jr0T0GTCnYjKqmdwxyxn2BQf2RcQIIvex5QldPI=
github.com/xuri/excelize/v2 v2.10.0 h1:8aKsP7JD39iKLc6dH5Tw3dgV3sPRh8uRVXu/fMstfW4=
github.com/xuri/excelize/v2 v2.10.0/go.mod h1:SC5TzhQkaOsTWpANfm+7bJCldzcnU/jrhqkTi/iBHBU=
github.com/xuri/nfp v0.0.2-0.20250530014748-2ddeb826f9a9 h1:+C0TIdyyYmzadGaL/HBLbf3WdLgC29pgyhTjAT/0nuE=
github.com/xuri/nfp v0.0.2-0.20250530014748-2ddeb826f9a9/go.mod h1:WwHg+CVyzlv/TX9xqBFXEZAuxOPxn2k1GNHwG41IIUQ=
github.com/yosida95/uritemplate/v3 v3.0.2 h1:Ed3Oyj9yrmi9087+NczuL5BwkIc4wvTb5zIM+UJPGz4=
github.com/yosida95/uritemplate/v3 v3.0.2/go.mod h1:ILOh0sOhIJR3+L/8afwt/kE++YT040gmv5BQTMR2HP4=
go.yaml.in/yaml/v3 v3.0.4/go.mod h1:DhzuOOF2ATzADvBadXxruRBLzYTpT36CKvDb3+aBEFg=
golang.org/x/crypto v0.47.0 h1:V6e3FRj+n4dbpw86FJ8Fv7XVOql7TEwpHapKoMJ/GO8=
golang.org/x/crypto v0.47.0/go.mod h1:ff3Y9VzzKbwSSEzWqJsJVBnWmRwRSHt/6Op5n9bQc4A=
golang.org/x/image v0.25.0 h1:Y6uW6rH1y5y/LK1J8BPWZtr6yZ7hrsy6hFrXjgsc2fQ=
golang.org/x/image v0.25.0/go.mod h1:tCAmOEGthTtkalusGp1g3xa2gke8J6c2N565dTyl9Rs=
golang.org/x/net v0.49.0 h1:eeHFmOGUTtaaPSGNmjBKpbng9MulQsJURQUAfUwY++o=
golang.org/x/net v0.49.0/go.mod h1:/ysNB2EvaqvesRkuLAyjI1ycPZlQHM3q01F02UY/MV8=
golang.org/x/sys v0.0.0-20220811171246-fbc7d0a398ab/go.mod h1:oPkhp1MJrh7nUepCBck5+mAzfO9JrbApNNgaTdGDITg=
golang.org/x/sys v0.1.0/go.mod h1:oPkhp1MJrh7nUepCBck5+mAzfO9JrbApNNgaTdGDITg=
golang.org/x/sys v0.6.0/go.mod h1:oPkhp1MJrh7nUepCBck5+mAzfO9JrbApNNgaTdGDITg=
golang.org/x/sys v0.12.0/go.mod h1:oPkhp1MJrh7nUepCBck5+mAzfO9JrbApNNgaTdGDITg=
golang.org/x/sys v0.40.0 h1:DBZZqJ2Rkml6QMQsZywtnjnnGvHza6BTfYFWY9kjEWQ=
golang.org/x/sys v0.40.0/go.mod h1:OgkHotnGiDImocRcuBABYBEXf8A9a87e/uXjp9XT3ks=
golang.org/x/text v0.33.0 h1:B3njUFyqtHDUI5jMn1YIr5B0IE2U0qck04r6d4KPAxE=
golang.org/x/text v0.33.0/go.mod h1:LuMebE6+rBincTi9+xWTY8TztLzKHc/9C1uBCG27+q8=
golang.org/x/time v0.14.0 h1:MRx4UaLrDotUKUdCIqzPC48t1Y9hANFKIRpNx+Te8PI=
golang.org/x/time v0.14.0/go.mod h1:eL/Oa2bBBK0TkX57Fyni+NgnyQQN4LitPmob2Hjnqw4=
gopkg.in/check.v1 v0.0.0-20161208181325-20d25e280405/go.mod h1:Co6ibVJAznAaIkqp8huTwlJQCZ016jof/cbN4VW5Yz0=
gopkg.in/check.v1 v1.0.0-20201130134442-10cb98267c6c h1:Hei/4ADfdWqJk1ZMxUNpqntNwaWcugrBjAiHlqqRiVk=
gopkg.in/check.v1 v1.0.0-20201130134442-10cb98267c6c/go.mod h1:JHkPIbrfpd72SG/EVd6muEfDQjcINNoR0C8j2r3qZ4Q=
gopkg.in/yaml.v3 v3.0.1 h1:fxVm/GzAzEWqLHuvctI91KS9hhNmmWOoWu0XTYJS7CA=
gopkg.in/yaml.v3 v3.0.1/go.mod h1:K4uyk7z7BCEPqu6E+C64Yfv1cQ7kz7rIZviUmN+EgEM=
